{
  "version": 4,
  "terraform_version": "1.12.0",
  "serial": 234,
  "lineage": "cf6f3d9d-d1f6-034b-bcb4-ebe4bf711922",
  "outputs": {},
  "resources": [
    {
      "mode": "managed",
      "type": "aws_iam_role",
      "name": "eks_master_role",
      "provider": "provider[\"registry.terraform.io/hashicorp/aws\"]",
      "instances": [
        {
          "schema_version": 0,
          "attributes": {
            "arn": "arn:aws:iam::942715456738:role/aula-eks-master-role",
            "assume_role_policy": "{\"Statement\":[{\"Action\":\"sts:AssumeRole\",\"Effect\":\"Allow\",\"Principal\":{\"Service\":\"eks.amazonaws.com\"}}],\"Version\":\"2012-10-17\"}",
            "create_date": "2025-07-04T21:20:40Z",
            "description": "",
            "force_detach_policies": false,
            "id": "aula-eks-master-role",
            "inline_policy": [],
            "managed_policy_arns": [],
            "max_session_duration": 3600,
            "name": "aula-eks-master-role",
            "name_prefix": "",
            "path": "/",
            "permissions_boundary": "",
            "tags": null,
            "tags_all": {},
            "unique_id": "AROA5W7RYJTRCAE2ZD7IA"
          },
          "sensitive_attributes": [],
          "identity_schema_version": 0,
          "private": "bnVsbA=="
        }
      ]
    },
    {
      "mode": "managed",
      "type": "aws_iam_role",
      "name": "eks_nodegroup_role",
      "provider": "provider[\"registry.terraform.io/hashicorp/aws\"]",
      "instances": [
        {
          "schema_version": 0,
          "attributes": {
            "arn": "arn:aws:iam::942715456738:role/aula-eks-nodegroup-role",
            "assume_role_policy": "{\"Statement\":[{\"Action\":\"sts:AssumeRole\",\"Effect\":\"Allow\",\"Principal\":{\"Service\":\"ec2.amazonaws.com\"}}],\"Version\":\"2012-10-17\"}",
            "create_date": "2025-07-04T21:20:40Z",
            "description": "",
            "force_detach_policies": false,
            "id": "aula-eks-nodegroup-role",
            "inline_policy": [],
            "managed_policy_arns": [],
            "max_session_duration": 3600,
            "name": "aula-eks-nodegroup-role",
            "name_prefix": "",
            "path": "/",
            "permissions_boundary": "",
            "tags": null,
            "tags_all": {},
            "unique_id": "AROA5W7RYJTROCEPMSIA3"
          },
          "sensitive_attributes": [],
          "identity_schema_version": 0,
          "private": "bnVsbA=="
        }
      ]
    },
    {
      "mode": "managed",
      "type": "aws_iam_role_policy_attachment",
      "name": "eks-AmazonEC2ContainerRegistryReadOnly",
      "provider": "provider[\"registry.terraform.io/hashicorp/aws\"]",
      "instances": [
        {
          "schema_version": 0,
          "attributes": {
            "id": "aula-eks-nodegroup-role-20250704212012800000000008",
            "policy_arn": "arn:aws:iam::aws:policy/AmazonEC2ContainerRegistryReadOnly",
            "role": "aula-eks-nodegroup-role"
          },
          "sensitive_attributes": [],
          "identity_schema_version": 0,
          "private": "bnVsbA==",
          "dependencies": [
            "aws_iam_role.eks_nodegroup_role"
          ]
        }
      ]
    },
    {
      "mode": "managed",
      "type": "aws_iam_role_policy_attachment",
      "name": "eks-AmazonEKSClusterPolicy",
      "provider": "provider[\"registry.terraform.io/hashicorp/aws\"]",
      "instances": [
        {
          "schema_version": 0,
          "attributes": {
            "id": "aula-eks-master-role-2025070421201315350000000b",
            "policy_arn": "arn:aws:iam::aws:policy/AmazonEKSClusterPolicy",
            "role": "aula-eks-master-role"
          },
          "sensitive_attributes": [],
          "identity_schema_version": 0,
          "private": "bnVsbA==",
          "dependencies": [
            "aws_iam_role.eks_master_role"
          ]
        }
      ]
    },
    {
      "mode": "managed",
      "type": "aws_iam_role_policy_attachment",
      "name": "eks-AmazonEKSWorkerNodePolicy",
      "provider": "provider[\"registry.terraform.io/hashicorp/aws\"]",
      "instances": [
        {
          "schema_version": 0,
          "attributes": {
            "id": "aula-eks-nodegroup-role-20250704212012859700000009",
            "policy_arn": "arn:aws:iam::aws:policy/AmazonEKSWorkerNodePolicy",
            "role": "aula-eks-nodegroup-role"
          },
          "sensitive_attributes": [],
          "identity_schema_version": 0,
          "private": "bnVsbA==",
          "dependencies": [
            "aws_iam_role.eks_nodegroup_role"
          ]
        }
      ]
    },
    {
      "mode": "managed",
      "type": "aws_iam_role_policy_attachment",
      "name": "eks-AmazonEKS_CNI_Policy",
      "provider": "provider[\"registry.terraform.io/hashicorp/aws\"]",
      "instances": [
        {
          "schema_version": 0,
          "attributes": {
            "id": "aula-eks-nodegroup-role-2025070421201287390000000a",
            "policy_arn": "arn:aws:iam::aws:policy/AmazonEKS_CNI_Policy",
            "role": "aula-eks-nodegroup-role"
          },
          "sensitive_attributes": [],
          "identity_schema_version": 0,
          "private": "bnVsbA==",
          "dependencies": [
            "aws_iam_role.eks_nodegroup_role"
          ]
        }
      ]
    },
    {
      "mode": "managed",
      "type": "aws_security_group",
      "name": "ecs_sc",
      "provider": "provider[\"registry.terraform.io/hashicorp/aws\"]",
      "instances": [
        {
          "schema_version": 1,
          "attributes": {
            "arn": "arn:aws:ec2:us-east-1:942715456738:security-group/sg-083f99b20925681fa",
            "description": "Security Groups for Ecs tasks",
            "egress": [
              {
                "cidr_blocks": [
                  "0.0.0.0/0"
                ],
                "description": "",
                "from_port": 0,
                "ipv6_cidr_blocks": [],
                "prefix_list_ids": [],
                "protocol": "-1",
                "security_groups": [],
                "self": false,
                "to_port": 0
              }
            ],
            "id": "sg-083f99b20925681fa",
            "ingress": [
              {
                "cidr_blocks": [
                  "0.0.0.0/0"
                ],
                "description": "",
                "from_port": 0,
                "ipv6_cidr_blocks": [],
                "prefix_list_ids": [],
                "protocol": "-1",
                "security_groups": [],
                "self": false,
                "to_port": 0
              }
            ],
            "name": "sc_ecs_tasks",
            "name_prefix": "",
            "owner_id": "942715456738",
            "revoke_rules_on_delete": false,
            "tags": {
              "Name": "allow_tls"
            },
            "tags_all": {
              "Name": "allow_tls"
            },
            "timeouts": null,
            "vpc_id": "vpc-0046ba83d0e0c5b74"
          },
          "sensitive_attributes": [],
          "identity_schema_version": 0,
          "private": "eyJlMmJmYjczMC1lY2FhLTExZTYtOGY4OC0zNDM2M2JjN2M0YzAiOnsiY3JlYXRlIjo2MDAwMDAwMDAwMDAsImRlbGV0ZSI6OTAwMDAwMDAwMDAwfSwic2NoZW1hX3ZlcnNpb24iOiIxIn0=",
          "dependencies": [
            "module.vpc.aws_vpc.this"
          ]
        }
      ]
    },
    {
      "module": "module.eks",
      "mode": "data",
      "type": "aws_caller_identity",
      "name": "current",
      "provider": "provider[\"registry.terraform.io/hashicorp/aws\"]",
      "instances": [
        {
          "schema_version": 0,
          "attributes": {
            "account_id": "942715456738",
            "arn": "arn:aws:iam::942715456738:user/aws",
            "id": "942715456738",
            "user_id": "AIDA5W7RYJTRFV7RU744R"
          },
          "sensitive_attributes": [],
          "identity_schema_version": 0
        }
      ]
    },
    {
      "module": "module.eks",
      "mode": "data",
      "type": "aws_iam_policy_document",
      "name": "assume_role_policy",
      "provider": "provider[\"registry.terraform.io/hashicorp/aws\"]",
      "instances": [
        {
          "index_key": 0,
          "schema_version": 0,
          "attributes": {
            "id": "2764486067",
            "json": "{\n  \"Version\": \"2012-10-17\",\n  \"Statement\": [\n    {\n      \"Sid\": \"EKSClusterAssumeRole\",\n      \"Effect\": \"Allow\",\n      \"Action\": \"sts:AssumeRole\",\n      \"Principal\": {\n        \"Service\": \"eks.amazonaws.com\"\n      }\n    }\n  ]\n}",
            "minified_json": "{\"Version\":\"2012-10-17\",\"Statement\":[{\"Sid\":\"EKSClusterAssumeRole\",\"Effect\":\"Allow\",\"Action\":\"sts:AssumeRole\",\"Principal\":{\"Service\":\"eks.amazonaws.com\"}}]}",
            "override_json": null,
            "override_policy_documents": null,
            "policy_id": null,
            "source_json": null,
            "source_policy_documents": null,
            "statement": [
              {
                "actions": [
                  "sts:AssumeRole"
                ],
                "condition": [],
                "effect": "Allow",
                "not_actions": [],
                "not_principals": [],
                "not_resources": [],
                "principals": [
                  {
                    "identifiers": [
                      "eks.amazonaws.com"
                    ],
                    "type": "Service"
                  }
                ],
                "resources": [],
                "sid": "EKSClusterAssumeRole"
              }
            ],
            "version": "2012-10-17"
          },
          "sensitive_attributes": [],
          "identity_schema_version": 0
        }
      ]
    },
    {
      "module": "module.eks",
      "mode": "data",
      "type": "aws_iam_session_context",
      "name": "current",
      "provider": "provider[\"registry.terraform.io/hashicorp/aws\"]",
      "instances": [
        {
          "schema_version": 0,
          "attributes": {
            "arn": "arn:aws:iam::942715456738:user/aws",
            "id": "arn:aws:iam::942715456738:user/aws",
            "issuer_arn": "arn:aws:iam::942715456738:user/aws",
            "issuer_id": "",
            "issuer_name": "",
            "session_name": ""
          },
          "sensitive_attributes": [],
          "identity_schema_version": 0
        }
      ]
    },
    {
      "module": "module.eks",
      "mode": "data",
      "type": "aws_partition",
      "name": "current",
      "provider": "provider[\"registry.terraform.io/hashicorp/aws\"]",
      "instances": [
        {
          "schema_version": 0,
          "attributes": {
            "dns_suffix": "amazonaws.com",
            "id": "aws",
            "partition": "aws",
            "reverse_dns_prefix": "com.amazonaws"
          },
          "sensitive_attributes": [],
          "identity_schema_version": 0
        }
      ]
    },
    {
      "module": "module.eks",
      "mode": "data",
      "type": "tls_certificate",
      "name": "this",
      "provider": "provider[\"registry.terraform.io/hashicorp/tls\"]",
      "instances": [
        {
          "index_key": 0,
          "schema_version": 0,
          "attributes": {
            "certificates": [
              {
                "cert_pem": "-----BEGIN CERTIFICATE-----\nMIIEdTCCA12gAwIBAgIJAKcOSkw0grd/MA0GCSqGSIb3DQEBCwUAMGgxCzAJBgNV\nBAYTAlVTMSUwIwYDVQQKExxTdGFyZmllbGQgVGVjaG5vbG9naWVzLCBJbmMuMTIw\nMAYDVQQLEylTdGFyZmllbGQgQ2xhc3MgMiBDZXJ0aWZpY2F0aW9uIEF1dGhvcml0\neTAeFw0wOTA5MDIwMDAwMDBaFw0zNDA2MjgxNzM5MTZaMIGYMQswCQYDVQQGEwJV\nUzEQMA4GA1UECBMHQXJpem9uYTETMBEGA1UEBxMKU2NvdHRzZGFsZTElMCMGA1UE\nChMcU3RhcmZpZWxkIFRlY2hub2xvZ2llcywgSW5jLjE7MDkGA1UEAxMyU3RhcmZp\nZWxkIFNlcnZpY2VzIFJvb3QgQ2VydGlmaWNhdGUgQXV0aG9yaXR5IC0gRzIwggEi\nMA0GCSqGSIb3DQEBAQUAA4IBDwAwggEKAoIBAQDVDDrEKvlO4vW+GZdfjohTsR8/\ny8+fIBNtKTrID30892t2OGPZNmCom15cAICyL1l/9of5JUOG52kbUpqQ4XHj2C0N\nTm/2yEnZtvMaVq4rtnQU68/7JuMauh2WLmo7WJSJR1b/JaCTcFOD2oR0FMNnngRo\nOt+OQFodSk7PQ5E751bWAHDLUu57fa4657wx+UX2wmDPE1kCK4DMNEffud6QZW0C\nzyyRpqbn3oUYSXxmTqM6bam17jQuug0DuDPfR+uxa40l2ZvOgdFFRjKWcIfeAg5J\nQ4W2bHO7ZOphQazJ1FTfhy/HIrImzJ9ZVGif/L4qL8RVHHVAYBeFAlU5i38FAgMB\nAAGjgfAwge0wDwYDVR0TAQH/BAUwAwEB/zAOBgNVHQ8BAf8EBAMCAYYwHQYDVR0O\nBBYEFJxfAN+qAdcwKziIorhtSpzyEZGDMB8GA1UdIwQYMBaAFL9ft9HO3R+G9FtV\nrNzXEMIOqYjnME8GCCsGAQUFBwEBBEMwQTAcBggrBgEFBQcwAYYQaHR0cDovL28u\nc3MyLnVzLzAhBggrBgEFBQcwAoYVaHR0cDovL3guc3MyLnVzL3guY2VyMCYGA1Ud\nHwQfMB0wG6AZoBeGFWh0dHA6Ly9zLnNzMi51cy9yLmNybDARBgNVHSAECjAIMAYG\nBFUdIAAwDQYJKoZIhvcNAQELBQADggEBACMd44pXyn3pF3lM8R5V/cxTbj5HD9/G\nVfKyBDbtgB9TxF00KGu+x1X8Z+rLP3+QsjPNG1gQggL4+C/1E2DUBc7xgQjB3ad1\nl08YuW3e95ORCLp+QCztweq7dp4zBncdDQh/U90bZKuCJ/Fp1U1ervShw3WnWEQt\n8jxwmKy6abaVd38PMV4s/KCHOkdp8Hlf9BRUpJVeEXgSYCfOn8J3/yNTd126/+pZ\n59vPr5KW7ySaNRB6nJHGDn2Z9j8Z3/VyVOEVqQdZe4O/Ui5GjLIAZHYcSNPYeehu\nVsyuLAOQ1xk4meTKCRlb/weWsKh/NEnfVqn3sF/tM+2MR7cwA130A4w=\n-----END CERTIFICATE-----\n",
                "is_ca": true,
                "issuer": "OU=Starfield Class 2 Certification Authority,O=Starfield Technologies\\, Inc.,C=US",
                "not_after": "2034-06-28T17:39:16Z",
                "not_before": "2009-09-02T00:00:00Z",
                "public_key_algorithm": "RSA",
                "serial_number": "12037640545166866303",
                "sha1_fingerprint": "9e99a48a9960b14926bb7f3b02e22da2b0ab7280",
                "signature_algorithm": "SHA256-RSA",
                "subject": "CN=Starfield Services Root Certificate Authority - G2,O=Starfield Technologies\\, Inc.,L=Scottsdale,ST=Arizona,C=US",
                "version": 3
              },
              {
                "cert_pem": "-----BEGIN CERTIFICATE-----\nMIIEkjCCA3qgAwIBAgITBn+USionzfP6wq4rAfkI7rnExjANBgkqhkiG9w0BAQsF\nADCBmDELMAkGA1UEBhMCVVMxEDAOBgNVBAgTB0FyaXpvbmExEzARBgNVBAcTClNj\nb3R0c2RhbGUxJTAjBgNVBAoTHFN0YXJmaWVsZCBUZWNobm9sb2dpZXMsIEluYy4x\nOzA5BgNVBAMTMlN0YXJmaWVsZCBTZXJ2aWNlcyBSb290IENlcnRpZmljYXRlIEF1\ndGhvcml0eSAtIEcyMB4XDTE1MDUyNTEyMDAwMFoXDTM3MTIzMTAxMDAwMFowOTEL\nMAkGA1UEBhMCVVMxDzANBgNVBAoTBkFtYXpvbjEZMBcGA1UEAxMQQW1hem9uIFJv\nb3QgQ0EgMTCCASIwDQYJKoZIhvcNAQEBBQADggEPADCCAQoCggEBALJ4gHHKeNXj\nca9HgFB0fW7Y14h29Jlo91ghYPl0hAEvrAIthtOgQ3pOsqTQNroBvo3bSMgHFzZM\n9O6II8c+6zf1tRn4SWiw3te5djgdYZ6k/oI2peVKVuRF4fn9tBb6dNqcmzU5L/qw\nIFAGbHrQgLKm+a/sRxmPUDgH3KKHOVj4utWp+UhnMJbulHheb4mjUcAwhmahRWa6\nVOujw5H5SNz/0egwLX0tdHA114gk957EWW67c4cX8jJGKLhD+rcdqsq08p8kDi1L\n93FcXmn/6pUCyziKrlA4b9v7LWIbxcceVOF34GfID5yHI9Y/QCB/IIDEgEw+OyQm\njgSubJrIqg0CAwEAAaOCATEwggEtMA8GA1UdEwEB/wQFMAMBAf8wDgYDVR0PAQH/\nBAQDAgGGMB0GA1UdDgQWBBSEGMyFNOy8DJSULghZnMeyEE4KCDAfBgNVHSMEGDAW\ngBScXwDfqgHXMCs4iKK4bUqc8hGRgzB4BggrBgEFBQcBAQRsMGowLgYIKwYBBQUH\nMAGGImh0dHA6Ly9vY3NwLnJvb3RnMi5hbWF6b250cnVzdC5jb20wOAYIKwYBBQUH\nMAKGLGh0dHA6Ly9jcnQucm9vdGcyLmFtYXpvbnRydXN0LmNvbS9yb290ZzIuY2Vy\nMD0GA1UdHwQ2MDQwMqAwoC6GLGh0dHA6Ly9jcmwucm9vdGcyLmFtYXpvbnRydXN0\nLmNvbS9yb290ZzIuY3JsMBEGA1UdIAQKMAgwBgYEVR0gADANBgkqhkiG9w0BAQsF\nAAOCAQEAYjdCXLwQtT6LLOkMm2xF4gcAevnFWAu5CIw+7bMlPLVvUOTNNWqnkzSW\nMiGpSESrnO09tKpzbeR/FoCJbM8oAxiDR3mjEH4wW6w7sGDgd9QIpuEdfF7Au/ma\neyKdpwAJfqxGF4PcnCZXmTA5YpaP7dreqsXMGz7KQ2hsVxa81Q4gLv7/wmpdLqBK\nbRRYh5TmOTFffHPLkIhqhBGWJ6bt2YFGpn6jcgAKUj6DiAdjd4lpFw85hdKrCEVN\n0FE6/V1dN2RMfjCyVSRCnTawXZwXgWHxyvkQAiSr6w10kY17RSlQOYiypok1JR4U\nakcjMS9cmvqtmg5iUaQqqcT5NJ0hGA==\n-----END CERTIFICATE-----\n",
                "is_ca": true,
                "issuer": "CN=Starfield Services Root Certificate Authority - G2,O=Starfield Technologies\\, Inc.,L=Scottsdale,ST=Arizona,C=US",
                "not_after": "2037-12-31T01:00:00Z",
                "not_before": "2015-05-25T12:00:00Z",
                "public_key_algorithm": "RSA",
                "serial_number": "144918191876577076464031512351042010504348870",
                "sha1_fingerprint": "06b25927c42a721631c1efd9431e648fa62e1e39",
                "signature_algorithm": "SHA256-RSA",
                "subject": "CN=Amazon Root CA 1,O=Amazon,C=US",
                "version": 3
              },
              {
                "cert_pem": "-----BEGIN CERTIFICATE-----\nMIIEXjCCA0agAwIBAgITB3MSTNQG0mfAmRzdKZqfODF5hTANBgkqhkiG9w0BAQsF\nADA5MQswCQYDVQQGEwJVUzEPMA0GA1UEChMGQW1hem9uMRkwFwYDVQQDExBBbWF6\nb24gUm9vdCBDQSAxMB4XDTIyMDgyMzIyMjYwNFoXDTMwMDgyMzIyMjYwNFowPDEL\nMAkGA1UEBhMCVVMxDzANBgNVBAoTBkFtYXpvbjEcMBoGA1UEAxMTQW1hem9uIFJT\nQSAyMDQ4IE0wMzCCASIwDQYJKoZIhvcNAQEBBQADggEPADCCAQoCggEBALd/pVko\n8vuM475Tf45HV3BbCl/B9Jy89G1CRkFjcPY06WA9lS+7dWbUA7GtWUKoksr69hKM\nwcMsNpxlw7b3jeXFgxB09/nmalcAWtnLzF+LaDKEA5DQmvKzuh1nfIfqEiKCQSmX\nXh09Xs+dO7cm5qbaL2hhNJCSAejciwcvOFgFNgEMR42wm6KIFHsQW28jhA+1u/M0\np6fVwReuEgZfLfdx82Px0LJck3lST3EB/JfbdsdOzzzg5YkY1dfuqf8y5fUeZ7Cz\nWXbTjujwX/TovmeWKA36VLCz75azW6tDNuDn66FOpADZZ9omVaF6BqNJiLMVl6P3\n/c0OiUMC6Z5OfKcCAwEAAaOCAVowggFWMBIGA1UdEwEB/wQIMAYBAf8CAQAwDgYD\nVR0PAQH/BAQDAgGGMB0GA1UdJQQWMBQGCCsGAQUFBwMBBggrBgEFBQcDAjAdBgNV\nHQ4EFgQUVdkYX9IczAHhWLS+q9lVQgHXLgIwHwYDVR0jBBgwFoAUhBjMhTTsvAyU\nlC4IWZzHshBOCggwewYIKwYBBQUHAQEEbzBtMC8GCCsGAQUFBzABhiNodHRwOi8v\nb2NzcC5yb290Y2ExLmFtYXpvbnRydXN0LmNvbTA6BggrBgEFBQcwAoYuaHR0cDov\nL2NydC5yb290Y2ExLmFtYXpvbnRydXN0LmNvbS9yb290Y2ExLmNlcjA/BgNVHR8E\nODA2MDSgMqAwhi5odHRwOi8vY3JsLnJvb3RjYTEuYW1hem9udHJ1c3QuY29tL3Jv\nb3RjYTEuY3JsMBMGA1UdIAQMMAowCAYGZ4EMAQIBMA0GCSqGSIb3DQEBCwUAA4IB\nAQAGjeWm2cC+3z2MzSCnte46/7JZvj3iQZDY7EvODNdZF41n71Lrk9kbfNwerK0d\nVNzW36Wefr7j7ZSwBVg50W5ay65jNSN74TTQV1yt4WnSbVvN6KlMs1hiyOZdoHKs\nKDV2UGNxbdoBYCQNa2GYF8FQIWLugNp35aSOpMy6cFlymFQomIrnOQHwK1nvVY4q\nxDSJMU/gNJz17D8ArPN3ngnyZ2TwepJ0uBINz3G5te2rdFUF4i4Y3Bb7FUlHDYm4\nu8aIRGpk2ZpfXmxaoxnbIBZRvGLPSUuPwnwoUOMsJ8jirI5vs2dvchPb7MtI1rle\ni02f2ivH2vxkjDLltSpe2fiC\n-----END CERTIFICATE-----\n",
                "is_ca": true,
                "issuer": "CN=Amazon Root CA 1,O=Amazon,C=US",
                "not_after": "2030-08-23T22:26:04Z",
                "not_before": "2022-08-23T22:26:04Z",
                "public_key_algorithm": "RSA",
                "serial_number": "166129356476704345391986644047206454194698629",
                "sha1_fingerprint": "d9fe0a65fa00cabf61f5120d373a8135e1461f15",
                "signature_algorithm": "SHA256-RSA",
                "subject": "CN=Amazon RSA 2048 M03,O=Amazon,C=US",
                "version": 3
              },
              {
                "cert_pem": "-----BEGIN CERTIFICATE-----\nMIIF5zCCBM+gAwIBAgIQB8/B5LYdWaaSLNb9DZLprTANBgkqhkiG9w0BAQsFADA8\nMQswCQYDVQQGEwJVUzEPMA0GA1UEChMGQW1hem9uMRwwGgYDVQQDExNBbWF6b24g\nUlNBIDIwNDggTTAzMB4XDTI1MDIyNjAwMDAwMFoXDTI2MDMyNzIzNTk1OVowKDEm\nMCQGA1UEAwwdKi5la3MudXMtZWFzdC0xLmFtYXpvbmF3cy5jb20wggEiMA0GCSqG\nSIb3DQEBAQUAA4IBDwAwggEKAoIBAQCoHWcgrIv/D6CxSXSxAq0GuOPoCJqnVz6U\nMhp1YLE9OZs3jH8EfYlNpGtqOtLa1vZb8Lp4CZdATHTj1SoK01MwmXXIDm2Jj+Km\niQvZ0BBe5xroDWvf3r/LWG/WMkRtR4F+qPb9pVYlM9N3WZdSAKfTQTowGxebugLc\nM/+ZLvAxxdtaXK+LID6JRKRa2BIRHcfILiNJo7vIS/I+DOqXn9Rb0VFnkpYpGE+k\nm47kVkFFsToior7zlAwPv6VWsm+zZV9zNnCpu9FpJ3vkZE9OGHS6aChtSya2Qpyr\njyF98KIFTQ+FKtDZHf9XLHmV5v/IP2bWk7lzmPYW4PwcPhDUmC9PAgMBAAGjggL3\nMIIC8zAfBgNVHSMEGDAWgBRV2Rhf0hzMAeFYtL6r2VVCAdcuAjAdBgNVHQ4EFgQU\n6mCbzMC1FaJuw7tKpv7muQZDZrowKAYDVR0RBCEwH4IdKi5la3MudXMtZWFzdC0x\nLmFtYXpvbmF3cy5jb20wEwYDVR0gBAwwCjAIBgZngQwBAgEwDgYDVR0PAQH/BAQD\nAgWgMB0GA1UdJQQWMBQGCCsGAQUFBwMBBggrBgEFBQcDAjA7BgNVHR8ENDAyMDCg\nLqAshipodHRwOi8vY3JsLnIybTAzLmFtYXpvbnRydXN0LmNvbS9yMm0wMy5jcmww\ndQYIKwYBBQUHAQEEaTBnMC0GCCsGAQUFBzABhiFodHRwOi8vb2NzcC5yMm0wMy5h\nbWF6b250cnVzdC5jb20wNgYIKwYBBQUHMAKGKmh0dHA6Ly9jcnQucjJtMDMuYW1h\nem9udHJ1c3QuY29tL3IybTAzLmNlcjAMBgNVHRMBAf8EAjAAMIIBfwYKKwYBBAHW\neQIEAgSCAW8EggFrAWkAdgAOV5S8866pPjMbLJkHs/eQ35vCPXEyJd0hqSWsYcVO\nIQAAAZVBW4SGAAAEAwBHMEUCIQC+CghIdRNpEnK+JGxaeHOel/pYJSUsog1eklre\nLGmoTwIgAj1vm4d6u/93S7GVfw7qotajiMfgHeEf7lANQf0mxf4AdgBkEcRspBLs\np4kcogIuALyrTygH1B41J6vq/tUDyX3N8AAAAZVBW4Q1AAAEAwBHMEUCIAYyeDIv\nJD1IhUkb1E59cbCwTcAYChrSArEZOOAib3dJAiEAix8XjjqXhMNuji/u2fzLxeZ7\nc5PCtDHWx3Ky7QYBfCUAdwBJnJtp3h187Pw23s2HZKa4W68Kh4AZ0VVS++nrKd34\nwwAAAZVBW4RMAAAEAwBIMEYCIQCsj67XcK6jtETNJEPTYPaFqJOMlNtM0TeJwGhm\nBc81sQIhAJoirhaQzC4ydAzLvjpVqKYyuqLktiHkTqFq8IGxBAkIMA0GCSqGSIb3\nDQEBCwUAA4IBAQAjjE2au5fdV/DrlD3e5zZ5hTB4CicIARTWvJQ6EsQm/vbXPoUY\nSHRZkOodq0AJWEC/RImGu8bnVY8RzGsELkMzI4A8UxdlH2YGP8obg6MfP6yGZaHM\nnS4wLX05EnmrABaoRB/apt7tE4w+yRa7QoxUgiTPpFzaQVv1mTcGaWMG55U8tPg7\nLXm539O4OBukbP8HNvjBZ8+N0RYrtG0u0M4FMX1hMKG0bkjJiU6MVZfGJWcgp7I4\nbd5cj5SfE1EHL70P7ELaocXjnWKbys9Mc870aoRXVfAC4bZWU6F9Ke3O7ioXXd5L\n0mKQwrjkiglpYaXc247Qi8IUCdk6s13xHJ4e\n-----END CERTIFICATE-----\n",
                "is_ca": false,
                "issuer": "CN=Amazon RSA 2048 M03,O=Amazon,C=US",
                "not_after": "2026-03-27T23:59:59Z",
                "not_before": "2025-02-26T00:00:00Z",
                "public_key_algorithm": "RSA",
                "serial_number": "10383334045647432453656403708671617453",
                "sha1_fingerprint": "63462dda480d8b900e0a7dbfaf6238a62ba4fce0",
                "signature_algorithm": "SHA256-RSA",
                "subject": "CN=*.eks.us-east-1.amazonaws.com",
                "version": 3
              }
            ],
            "content": null,
            "id": "922877a0975ad078a65b8ff11ebc47b8311945c7",
            "url": "https://oidc.eks.us-east-1.amazonaws.com/id/0B174430F3133599F1858DAAE30B25A5",
            "verify_chain": true
          },
          "sensitive_attributes": [],
          "identity_schema_version": 0
        }
      ]
    },
    {
      "module": "module.eks",
      "mode": "managed",
      "type": "aws_cloudwatch_log_group",
      "name": "this",
      "provider": "provider[\"registry.terraform.io/hashicorp/aws\"]",
      "instances": [
        {
          "index_key": 0,
          "schema_version": 0,
          "attributes": {
            "arn": "arn:aws:logs:us-east-1:942715456738:log-group:/aws/eks/fabricio_eks/cluster",
            "id": "/aws/eks/fabricio_eks/cluster",
            "kms_key_id": "",
            "log_group_class": "STANDARD",
            "name": "/aws/eks/fabricio_eks/cluster",
            "name_prefix": "",
            "retention_in_days": 90,
            "skip_destroy": false,
            "tags": {
              "Name": "/aws/eks/fabricio_eks/cluster"
            },
            "tags_all": {
              "Name": "/aws/eks/fabricio_eks/cluster"
            }
          },
          "sensitive_attributes": [],
          "identity_schema_version": 0,
          "private": "bnVsbA==",
          "create_before_destroy": true
        }
      ]
    },
    {
      "module": "module.eks",
      "mode": "managed",
      "type": "aws_eks_access_entry",
      "name": "this",
      "provider": "provider[\"registry.terraform.io/hashicorp/aws\"]",
      "instances": [
        {
          "index_key": "cluster_creator",
          "schema_version": 0,
          "attributes": {
            "access_entry_arn": "arn:aws:eks:us-east-1:942715456738:access-entry/fabricio_eks/user/942715456738/aws/eacbebac-e4ed-1fa2-4597-43c14b9f9238",
            "cluster_name": "fabricio_eks",
            "created_at": "2025-07-04T21:31:15Z",
            "id": "fabricio_eks:arn:aws:iam::942715456738:user/aws",
            "kubernetes_groups": [],
            "modified_at": "2025-07-04T21:31:15Z",
            "principal_arn": "arn:aws:iam::942715456738:user/aws",
            "tags": null,
            "tags_all": {},
            "timeouts": null,
            "type": "STANDARD",
            "user_name": "arn:aws:iam::942715456738:user/aws"
          },
          "sensitive_attributes": [],
          "identity_schema_version": 0,
          "private": "eyJlMmJmYjczMC1lY2FhLTExZTYtOGY4OC0zNDM2M2JjN2M0YzAiOnsiY3JlYXRlIjo2MDAwMDAwMDAwMDAsImRlbGV0ZSI6NjAwMDAwMDAwMDAwfX0=",
          "dependencies": [
            "module.eks.aws_cloudwatch_log_group.this",
            "module.eks.aws_eks_cluster.this",
            "module.eks.aws_iam_policy.cni_ipv6_policy",
            "module.eks.aws_iam_role.this",
            "module.eks.aws_iam_role_policy_attachment.this",
            "module.eks.aws_security_group.cluster",
            "module.eks.aws_security_group.node",
            "module.eks.aws_security_group_rule.cluster",
            "module.eks.aws_security_group_rule.node",
            "module.eks.data.aws_caller_identity.current",
            "module.eks.data.aws_iam_policy_document.assume_role_policy",
            "module.eks.data.aws_iam_policy_document.cni_ipv6_policy",
            "module.eks.data.aws_iam_session_context.current",
            "module.eks.data.aws_partition.current",
            "module.eks.module.kms.aws_kms_external_key.this",
            "module.eks.module.kms.aws_kms_key.this",
            "module.eks.module.kms.aws_kms_replica_external_key.this",
            "module.eks.module.kms.aws_kms_replica_key.this",
            "module.eks.module.kms.data.aws_caller_identity.current",
            "module.eks.module.kms.data.aws_iam_policy_document.this",
            "module.eks.module.kms.data.aws_partition.current",
            "module.vpc.aws_subnet.private",
            "module.vpc.aws_vpc.this",
            "module.vpc.aws_vpc_ipv4_cidr_block_association.this"
          ]
        }
      ]
    },
    {
      "module": "module.eks",
      "mode": "managed",
      "type": "aws_eks_access_policy_association",
      "name": "this",
      "provider": "provider[\"registry.terraform.io/hashicorp/aws\"]",
      "instances": [
        {
          "index_key": "cluster_creator_admin",
          "schema_version": 0,
          "attributes": {
            "access_scope": [
              {
                "namespaces": null,
                "type": "cluster"
              }
            ],
            "associated_at": "2025-07-04 21:31:16.224 +0000 UTC",
            "cluster_name": "fabricio_eks",
            "id": "fabricio_eks#arn:aws:iam::942715456738:user/aws#arn:aws:eks::aws:cluster-access-policy/AmazonEKSClusterAdminPolicy",
            "modified_at": "2025-07-04 21:31:16.224 +0000 UTC",
            "policy_arn": "arn:aws:eks::aws:cluster-access-policy/AmazonEKSClusterAdminPolicy",
            "principal_arn": "arn:aws:iam::942715456738:user/aws",
            "timeouts": null
          },
          "sensitive_attributes": [],
          "identity_schema_version": 0,
          "private": "eyJlMmJmYjczMC1lY2FhLTExZTYtOGY4OC0zNDM2M2JjN2M0YzAiOnsiY3JlYXRlIjo2MDAwMDAwMDAwMDAsImRlbGV0ZSI6NjAwMDAwMDAwMDAwfX0=",
          "dependencies": [
            "module.eks.aws_cloudwatch_log_group.this",
            "module.eks.aws_eks_access_entry.this",
            "module.eks.aws_eks_cluster.this",
            "module.eks.aws_iam_policy.cni_ipv6_policy",
            "module.eks.aws_iam_role.this",
            "module.eks.aws_iam_role_policy_attachment.this",
            "module.eks.aws_security_group.cluster",
            "module.eks.aws_security_group.node",
            "module.eks.aws_security_group_rule.cluster",
            "module.eks.aws_security_group_rule.node",
            "module.eks.data.aws_caller_identity.current",
            "module.eks.data.aws_iam_policy_document.assume_role_policy",
            "module.eks.data.aws_iam_policy_document.cni_ipv6_policy",
            "module.eks.data.aws_iam_session_context.current",
            "module.eks.data.aws_partition.current",
            "module.eks.module.kms.aws_kms_external_key.this",
            "module.eks.module.kms.aws_kms_key.this",
            "module.eks.module.kms.aws_kms_replica_external_key.this",
            "module.eks.module.kms.aws_kms_replica_key.this",
            "module.eks.module.kms.data.aws_caller_identity.current",
            "module.eks.module.kms.data.aws_iam_policy_document.this",
            "module.eks.module.kms.data.aws_partition.current",
            "module.vpc.aws_subnet.private",
            "module.vpc.aws_vpc.this",
            "module.vpc.aws_vpc_ipv4_cidr_block_association.this"
          ]
        }
      ]
    },
    {
      "module": "module.eks",
      "mode": "managed",
      "type": "aws_eks_cluster",
      "name": "this",
      "provider": "provider[\"registry.terraform.io/hashicorp/aws\"]",
      "instances": [
        {
          "index_key": 0,
          "schema_version": 1,
          "attributes": {
            "access_config": [
              {
                "authentication_mode": "API_AND_CONFIG_MAP",
                "bootstrap_cluster_creator_admin_permissions": false
              }
            ],
            "arn": "arn:aws:eks:us-east-1:942715456738:cluster/fabricio_eks",
            "bootstrap_self_managed_addons": true,
            "certificate_authority": [
              {
                "data": "LS0tLS1CRUdJTiBDRVJUSUZJQ0FURS0tLS0tCk1JSURCVENDQWUyZ0F3SUJBZ0lJT29MWmk1VE9Bc1F3RFFZSktvWklodmNOQVFFTEJRQXdGVEVUTUJFR0ExVUUKQXhNS2EzVmlaWEp1WlhSbGN6QWVGdzB5TlRBM01EUXlNVEl3TlROYUZ3MHpOVEEzTURJeU1USTFOVE5hTUJVeApFekFSQmdOVkJBTVRDbXQxWW1WeWJtVjBaWE13Z2dFaU1BMEdDU3FHU0liM0RRRUJBUVVBQTRJQkR3QXdnZ0VLCkFvSUJBUURkb3AwOWs2dTI4djNCdnJPY09uUGFKc1dKNGxHa2FmTDRKSG1sb2t5bUw4QkZFYk4yMytCUGVHb0wKYlQrWU9ZQ2ZVQ0NEaVBNNjJqem9pdlJIYlpqaTJQQXdmVVFiQVpab0NHLzEyUTVPNzB4cXlVdWc2RElyczZ5cgp0MzA4Uldwc2dYTUc0Z3R3TDhTcHRHVDA4ZkNBMWZ1aTFSb3VDck5uczdMMFcyR3NTNEpJUTNrV0xYcHBGbVpQCjlibE9CYU9OSmtLNUFsTVB6ajU1RG0wWnU2QzJNR3RYTnFJTHcxSC9qYm1hck4zR2R5R29GWUduaG91ekxYeWcKQWFWb3dOWHJKeFBoSkVZcCs3L0pDRGdFOTRPek5DU0NiVHhFS2syYVFmZXk5S0ZuVWxhR2o2K3Q2eGY4ZndqMwo5bnFTZllOa3dEZWttNVIxbDBINk0xVGlJcHlSQWdNQkFBR2pXVEJYTUE0R0ExVWREd0VCL3dRRUF3SUNwREFQCkJnTlZIUk1CQWY4RUJUQURBUUgvTUIwR0ExVWREZ1FXQkJSRVVXK0IxdEVZcFV4S1BmcStOWGk3L2pSOVdUQVYKQmdOVkhSRUVEakFNZ2dwcmRXSmxjbTVsZEdWek1BMEdDU3FHU0liM0RRRUJDd1VBQTRJQkFRQTZtUjVoYjM5QgpKeW1TaGFNNjJxanBPK1Jxc0c0Z2Fmdk0zNDhyL0JQUy9GQ3hUZW5ENkVBRkxiMEVZUzMwRXc5MzBualJwRTg3CmMxM0JtRkh4VElkTGV4MmhGN0hzL2gya3NZQlIwSUM3TDducEg1OWQ3blJuR0haYURmNXM2UkNjMmE1ZXgxV2EKdDhOSVVtY2FtOXp1RUFNR3p0QmlyWlVMYi9UWDA3cmpMLzdoNTFMekhrMXFqL1h2MmFUc3NUY0Q4U3NEK3ZqSgpBOThQOFBYY2JXUjVKRk9PT1JyOVZnQlM4MEVZeXdMQmRLWERkTUZsd3RwV0UraEplT3NEVEZJL1JGa0tBeHlmCjhzckdPZWR3OEVjQ0NBNHZGdkZlQVc2RmVCbjB4cXpxMndIQWhsNXpSelJhZmV6U25OckRVU01tOUVYZnVxQVkKUENDYnVROXJzVnhXCi0tLS0tRU5EIENFUlRJRklDQVRFLS0tLS0K"
              }
            ],
            "cluster_id": null,
            "created_at": "2025-07-04T21:21:14Z",
            "enabled_cluster_log_types": [
              "api",
              "audit",
              "authenticator"
            ],
            "encryption_config": [
              {
                "provider": [
                  {
                    "key_arn": "arn:aws:kms:us-east-1:942715456738:key/d476dc50-4912-4704-a0a9-b6dc5e9a49b6"
                  }
                ],
                "resources": [
                  "secrets"
                ]
              }
            ],
            "endpoint": "https://0B174430F3133599F1858DAAE30B25A5.gr7.us-east-1.eks.amazonaws.com",
            "id": "fabricio_eks",
            "identity": [
              {
                "oidc": [
                  {
                    "issuer": "https://oidc.eks.us-east-1.amazonaws.com/id/0B174430F3133599F1858DAAE30B25A5"
                  }
                ]
              }
            ],
            "kubernetes_network_config": [
              {
                "ip_family": "ipv4",
                "service_ipv4_cidr": "172.20.0.0/16",
                "service_ipv6_cidr": ""
              }
            ],
            "name": "fabricio_eks",
            "outpost_config": [],
            "platform_version": "eks.29",
            "role_arn": "arn:aws:iam::942715456738:role/fabricio_eks-cluster-20250704212010862800000002",
            "status": "ACTIVE",
            "tags": {
              "terraform-aws-modules": "eks"
            },
            "tags_all": {
              "terraform-aws-modules": "eks"
            },
            "timeouts": {
              "create": null,
              "delete": null,
              "update": null
            },
            "upgrade_policy": [
              {
                "support_type": "EXTENDED"
              }
            ],
            "version": "1.31",
            "vpc_config": [
              {
                "cluster_security_group_id": "sg-0141f689d69e4867f",
                "endpoint_private_access": true,
                "endpoint_public_access": true,
                "public_access_cidrs": [
                  "0.0.0.0/0"
                ],
                "security_group_ids": [
                  "sg-0901d7b917062305d"
                ],
                "subnet_ids": [
                  "subnet-04e58b834ad13aa35",
                  "subnet-0cf362471e22a4dcc",
                  "subnet-0eb8e315d4140c2fb"
                ],
                "vpc_id": "vpc-0046ba83d0e0c5b74"
              }
            ]
          },
          "sensitive_attributes": [],
          "identity_schema_version": 0,
          "private": "eyJlMmJmYjczMC1lY2FhLTExZTYtOGY4OC0zNDM2M2JjN2M0YzAiOnsiY3JlYXRlIjoxODAwMDAwMDAwMDAwLCJkZWxldGUiOjkwMDAwMDAwMDAwMCwidXBkYXRlIjozNjAwMDAwMDAwMDAwfSwic2NoZW1hX3ZlcnNpb24iOiIxIn0=",
          "dependencies": [
            "module.eks.aws_cloudwatch_log_group.this",
            "module.eks.aws_iam_policy.cni_ipv6_policy",
            "module.eks.aws_iam_role.this",
            "module.eks.aws_iam_role_policy_attachment.this",
            "module.eks.aws_security_group.cluster",
            "module.eks.aws_security_group.node",
            "module.eks.aws_security_group_rule.cluster",
            "module.eks.aws_security_group_rule.node",
            "module.eks.data.aws_caller_identity.current",
            "module.eks.data.aws_iam_policy_document.assume_role_policy",
            "module.eks.data.aws_iam_policy_document.cni_ipv6_policy",
            "module.eks.data.aws_iam_session_context.current",
            "module.eks.data.aws_partition.current",
            "module.eks.module.kms.aws_kms_external_key.this",
            "module.eks.module.kms.aws_kms_key.this",
            "module.eks.module.kms.aws_kms_replica_external_key.this",
            "module.eks.module.kms.aws_kms_replica_key.this",
            "module.eks.module.kms.data.aws_caller_identity.current",
            "module.eks.module.kms.data.aws_iam_policy_document.this",
            "module.eks.module.kms.data.aws_partition.current",
            "module.vpc.aws_subnet.private",
            "module.vpc.aws_vpc.this",
            "module.vpc.aws_vpc_ipv4_cidr_block_association.this"
          ],
          "create_before_destroy": true
        }
      ]
    },
    {
      "module": "module.eks",
      "mode": "managed",
      "type": "aws_iam_openid_connect_provider",
      "name": "oidc_provider",
      "provider": "provider[\"registry.terraform.io/hashicorp/aws\"]",
      "instances": [
        {
          "index_key": 0,
          "schema_version": 0,
          "attributes": {
            "arn": "arn:aws:iam::942715456738:oidc-provider/oidc.eks.us-east-1.amazonaws.com/id/0B174430F3133599F1858DAAE30B25A5",
            "client_id_list": [
              "sts.amazonaws.com"
            ],
            "id": "arn:aws:iam::942715456738:oidc-provider/oidc.eks.us-east-1.amazonaws.com/id/0B174430F3133599F1858DAAE30B25A5",
            "tags": {
              "Name": "fabricio_eks-eks-irsa"
            },
            "tags_all": {
              "Name": "fabricio_eks-eks-irsa"
            },
            "thumbprint_list": [
              "9e99a48a9960b14926bb7f3b02e22da2b0ab7280"
            ],
            "url": "oidc.eks.us-east-1.amazonaws.com/id/0B174430F3133599F1858DAAE30B25A5"
          },
          "sensitive_attributes": [],
          "identity_schema_version": 0,
          "private": "bnVsbA==",
          "dependencies": [
            "module.eks.aws_cloudwatch_log_group.this",
            "module.eks.aws_eks_cluster.this",
            "module.eks.aws_iam_policy.cni_ipv6_policy",
            "module.eks.aws_iam_role.this",
            "module.eks.aws_iam_role_policy_attachment.this",
            "module.eks.aws_security_group.cluster",
            "module.eks.aws_security_group.node",
            "module.eks.aws_security_group_rule.cluster",
            "module.eks.aws_security_group_rule.node",
            "module.eks.data.aws_caller_identity.current",
            "module.eks.data.aws_iam_policy_document.assume_role_policy",
            "module.eks.data.aws_iam_policy_document.cni_ipv6_policy",
            "module.eks.data.aws_iam_session_context.current",
            "module.eks.data.aws_partition.current",
            "module.eks.data.tls_certificate.this",
            "module.eks.module.kms.aws_kms_external_key.this",
            "module.eks.module.kms.aws_kms_key.this",
            "module.eks.module.kms.aws_kms_replica_external_key.this",
            "module.eks.module.kms.aws_kms_replica_key.this",
            "module.eks.module.kms.data.aws_caller_identity.current",
            "module.eks.module.kms.data.aws_iam_policy_document.this",
            "module.eks.module.kms.data.aws_partition.current",
            "module.vpc.aws_subnet.private",
            "module.vpc.aws_vpc.this",
            "module.vpc.aws_vpc_ipv4_cidr_block_association.this"
          ]
        }
      ]
    },
    {
      "module": "module.eks",
      "mode": "managed",
      "type": "aws_iam_policy",
      "name": "cluster_encryption",
      "provider": "provider[\"registry.terraform.io/hashicorp/aws\"]",
      "instances": [
        {
          "index_key": 0,
          "schema_version": 0,
          "attributes": {
            "arn": "arn:aws:iam::942715456738:policy/fabricio_eks-cluster-ClusterEncryption20250704212039672400000015",
            "attachment_count": 0,
            "description": "Cluster encryption policy to allow cluster role to utilize CMK provided",
            "id": "arn:aws:iam::942715456738:policy/fabricio_eks-cluster-ClusterEncryption20250704212039672400000015",
            "name": "fabricio_eks-cluster-ClusterEncryption20250704212039672400000015",
            "name_prefix": "fabricio_eks-cluster-ClusterEncryption",
            "path": "/",
            "policy": "{\"Statement\":[{\"Action\":[\"kms:Encrypt\",\"kms:Decrypt\",\"kms:ListGrants\",\"kms:DescribeKey\"],\"Effect\":\"Allow\",\"Resource\":\"arn:aws:kms:us-east-1:942715456738:key/d476dc50-4912-4704-a0a9-b6dc5e9a49b6\"}],\"Version\":\"2012-10-17\"}",
            "policy_id": "ANPA5W7RYJTRLE33LONFY",
            "tags": null,
            "tags_all": {}
          },
          "sensitive_attributes": [],
          "identity_schema_version": 0,
          "private": "bnVsbA==",
          "dependencies": [
            "module.eks.aws_iam_role.this",
            "module.eks.data.aws_caller_identity.current",
            "module.eks.data.aws_iam_policy_document.assume_role_policy",
            "module.eks.data.aws_iam_session_context.current",
            "module.eks.module.kms.aws_kms_external_key.this",
            "module.eks.module.kms.aws_kms_key.this",
            "module.eks.module.kms.aws_kms_replica_external_key.this",
            "module.eks.module.kms.aws_kms_replica_key.this",
            "module.eks.module.kms.data.aws_caller_identity.current",
            "module.eks.module.kms.data.aws_iam_policy_document.this",
            "module.eks.module.kms.data.aws_partition.current"
          ]
        }
      ]
    },
    {
      "module": "module.eks",
      "mode": "managed",
      "type": "aws_iam_role",
      "name": "this",
      "provider": "provider[\"registry.terraform.io/hashicorp/aws\"]",
      "instances": [
        {
          "index_key": 0,
          "schema_version": 0,
          "attributes": {
            "arn": "arn:aws:iam::942715456738:role/fabricio_eks-cluster-20250704212010862800000002",
            "assume_role_policy": "{\"Statement\":[{\"Action\":\"sts:AssumeRole\",\"Effect\":\"Allow\",\"Principal\":{\"Service\":\"eks.amazonaws.com\"},\"Sid\":\"EKSClusterAssumeRole\"}],\"Version\":\"2012-10-17\"}",
            "create_date": "2025-07-04T21:20:40Z",
            "description": "",
            "force_detach_policies": true,
            "id": "fabricio_eks-cluster-20250704212010862800000002",
            "inline_policy": [],
            "managed_policy_arns": [],
            "max_session_duration": 3600,
            "name": "fabricio_eks-cluster-20250704212010862800000002",
            "name_prefix": "fabricio_eks-cluster-",
            "path": "/",
            "permissions_boundary": "",
            "tags": null,
            "tags_all": {},
            "unique_id": "AROA5W7RYJTRNCBEURMY6"
          },
          "sensitive_attributes": [],
          "identity_schema_version": 0,
          "private": "bnVsbA==",
          "dependencies": [
            "module.eks.data.aws_iam_policy_document.assume_role_policy"
          ],
          "create_before_destroy": true
        }
      ]
    },
    {
      "module": "module.eks",
      "mode": "managed",
      "type": "aws_iam_role_policy_attachment",
      "name": "cluster_encryption",
      "provider": "provider[\"registry.terraform.io/hashicorp/aws\"]",
      "instances": [
        {
          "index_key": 0,
          "schema_version": 0,
          "attributes": {
            "id": "fabricio_eks-cluster-20250704212010862800000002-20250704212040511000000016",
            "policy_arn": "arn:aws:iam::942715456738:policy/fabricio_eks-cluster-ClusterEncryption20250704212039672400000015",
            "role": "fabricio_eks-cluster-20250704212010862800000002"
          },
          "sensitive_attributes": [],
          "identity_schema_version": 0,
          "private": "bnVsbA==",
          "dependencies": [
            "module.eks.aws_iam_policy.cluster_encryption",
            "module.eks.aws_iam_role.this",
            "module.eks.data.aws_caller_identity.current",
            "module.eks.data.aws_iam_policy_document.assume_role_policy",
            "module.eks.data.aws_iam_session_context.current",
            "module.eks.module.kms.aws_kms_external_key.this",
            "module.eks.module.kms.aws_kms_key.this",
            "module.eks.module.kms.aws_kms_replica_external_key.this",
            "module.eks.module.kms.aws_kms_replica_key.this",
            "module.eks.module.kms.data.aws_caller_identity.current",
            "module.eks.module.kms.data.aws_iam_policy_document.this",
            "module.eks.module.kms.data.aws_partition.current"
          ]
        }
      ]
    },
    {
      "module": "module.eks",
      "mode": "managed",
      "type": "aws_iam_role_policy_attachment",
      "name": "this",
      "provider": "provider[\"registry.terraform.io/hashicorp/aws\"]",
      "instances": [
        {
          "index_key": "AmazonEKSClusterPolicy",
          "schema_version": 0,
          "attributes": {
            "id": "fabricio_eks-cluster-20250704212010862800000002-20250704212012632400000006",
            "policy_arn": "arn:aws:iam::aws:policy/AmazonEKSClusterPolicy",
            "role": "fabricio_eks-cluster-20250704212010862800000002"
          },
          "sensitive_attributes": [],
          "identity_schema_version": 0,
          "private": "bnVsbA==",
          "dependencies": [
            "module.eks.aws_iam_role.this",
            "module.eks.data.aws_iam_policy_document.assume_role_policy",
            "module.eks.data.aws_partition.current"
          ],
          "create_before_destroy": true
        },
        {
          "index_key": "AmazonEKSVPCResourceController",
          "schema_version": 0,
          "attributes": {
            "id": "fabricio_eks-cluster-20250704212010862800000002-20250704212012767900000007",
            "policy_arn": "arn:aws:iam::aws:policy/AmazonEKSVPCResourceController",
            "role": "fabricio_eks-cluster-20250704212010862800000002"
          },
          "sensitive_attributes": [],
          "identity_schema_version": 0,
          "private": "bnVsbA==",
          "dependencies": [
            "module.eks.aws_iam_role.this",
            "module.eks.data.aws_iam_policy_document.assume_role_policy",
            "module.eks.data.aws_partition.current"
          ],
          "create_before_destroy": true
        }
      ]
    },
    {
      "module": "module.eks",
      "mode": "managed",
      "type": "aws_security_group",
      "name": "cluster",
      "provider": "provider[\"registry.terraform.io/hashicorp/aws\"]",
      "instances": [
        {
          "index_key": 0,
          "schema_version": 1,
          "attributes": {
            "arn": "arn:aws:ec2:us-east-1:942715456738:security-group/sg-0901d7b917062305d",
            "description": "EKS cluster security group",
            "egress": [],
            "id": "sg-0901d7b917062305d",
            "ingress": [],
            "name": "fabricio_eks-cluster-2025070421202472330000000d",
            "name_prefix": "fabricio_eks-cluster-",
            "owner_id": "942715456738",
            "revoke_rules_on_delete": false,
            "tags": {
              "Name": "fabricio_eks-cluster"
            },
            "tags_all": {
              "Name": "fabricio_eks-cluster"
            },
            "timeouts": null,
            "vpc_id": "vpc-0046ba83d0e0c5b74"
          },
          "sensitive_attributes": [],
          "identity_schema_version": 0,
          "private": "eyJlMmJmYjczMC1lY2FhLTExZTYtOGY4OC0zNDM2M2JjN2M0YzAiOnsiY3JlYXRlIjo2MDAwMDAwMDAwMDAsImRlbGV0ZSI6OTAwMDAwMDAwMDAwfSwic2NoZW1hX3ZlcnNpb24iOiIxIn0=",
          "dependencies": [
            "module.vpc.aws_vpc.this"
          ],
          "create_before_destroy": true
        }
      ]
    },
    {
      "module": "module.eks",
      "mode": "managed",
      "type": "aws_security_group",
      "name": "node",
      "provider": "provider[\"registry.terraform.io/hashicorp/aws\"]",
      "instances": [
        {
          "index_key": 0,
          "schema_version": 1,
          "attributes": {
            "arn": "arn:aws:ec2:us-east-1:942715456738:security-group/sg-0eb512fbf62ab9b04",
            "description": "EKS node shared security group",
            "egress": [],
            "id": "sg-0eb512fbf62ab9b04",
            "ingress": [],
            "name": "fabricio_eks-node-2025070421203045560000000e",
            "name_prefix": "fabricio_eks-node-",
            "owner_id": "942715456738",
            "revoke_rules_on_delete": false,
            "tags": {
              "Name": "fabricio_eks-node",
              "kubernetes.io/cluster/fabricio_eks": "owned"
            },
            "tags_all": {
              "Name": "fabricio_eks-node",
              "kubernetes.io/cluster/fabricio_eks": "owned"
            },
            "timeouts": null,
            "vpc_id": "vpc-0046ba83d0e0c5b74"
          },
          "sensitive_attributes": [],
          "identity_schema_version": 0,
          "private": "eyJlMmJmYjczMC1lY2FhLTExZTYtOGY4OC0zNDM2M2JjN2M0YzAiOnsiY3JlYXRlIjo2MDAwMDAwMDAwMDAsImRlbGV0ZSI6OTAwMDAwMDAwMDAwfSwic2NoZW1hX3ZlcnNpb24iOiIxIn0=",
          "dependencies": [
            "module.vpc.aws_vpc.this"
          ],
          "create_before_destroy": true
        }
      ]
    },
    {
      "module": "module.eks",
      "mode": "managed",
      "type": "aws_security_group_rule",
      "name": "cluster",
      "provider": "provider[\"registry.terraform.io/hashicorp/aws\"]",
      "instances": [
        {
          "index_key": "ingress_nodes_443",
          "schema_version": 2,
          "attributes": {
            "cidr_blocks": null,
            "description": "Node groups to cluster API",
            "from_port": 443,
            "id": "sgrule-372800129",
            "ipv6_cidr_blocks": null,
            "prefix_list_ids": null,
            "protocol": "tcp",
            "security_group_id": "sg-0901d7b917062305d",
            "security_group_rule_id": "sgr-061bf4e6163e52ae9",
            "self": false,
            "source_security_group_id": "sg-0eb512fbf62ab9b04",
            "timeouts": null,
            "to_port": 443,
            "type": "ingress"
          },
          "sensitive_attributes": [],
          "identity_schema_version": 0,
          "private": "eyJlMmJmYjczMC1lY2FhLTExZTYtOGY4OC0zNDM2M2JjN2M0YzAiOnsiY3JlYXRlIjozMDAwMDAwMDAwMDB9LCJzY2hlbWFfdmVyc2lvbiI6IjIifQ==",
          "dependencies": [
            "module.eks.aws_security_group.cluster",
            "module.eks.aws_security_group.node",
            "module.vpc.aws_vpc.this"
          ],
          "create_before_destroy": true
        }
      ]
    },
    {
      "module": "module.eks",
      "mode": "managed",
      "type": "aws_security_group_rule",
      "name": "node",
      "provider": "provider[\"registry.terraform.io/hashicorp/aws\"]",
      "instances": [
        {
          "index_key": "egress_all",
          "schema_version": 2,
          "attributes": {
            "cidr_blocks": [
              "0.0.0.0/0"
            ],
            "description": "Allow all egress",
            "from_port": 0,
            "id": "sgrule-2356557824",
            "ipv6_cidr_blocks": null,
            "prefix_list_ids": [],
            "protocol": "-1",
            "security_group_id": "sg-0eb512fbf62ab9b04",
            "security_group_rule_id": "sgr-0416ddf7bb9ba8f2a",
            "self": false,
            "source_security_group_id": null,
            "timeouts": null,
            "to_port": 0,
            "type": "egress"
          },
          "sensitive_attributes": [],
          "identity_schema_version": 0,
          "private": "eyJlMmJmYjczMC1lY2FhLTExZTYtOGY4OC0zNDM2M2JjN2M0YzAiOnsiY3JlYXRlIjozMDAwMDAwMDAwMDB9LCJzY2hlbWFfdmVyc2lvbiI6IjIifQ==",
          "dependencies": [
            "module.eks.aws_security_group.cluster",
            "module.eks.aws_security_group.node",
            "module.vpc.aws_vpc.this"
          ],
          "create_before_destroy": true
        },
        {
          "index_key": "ingress_cluster_443",
          "schema_version": 2,
          "attributes": {
            "cidr_blocks": null,
            "description": "Cluster API to node groups",
            "from_port": 443,
            "id": "sgrule-3316193655",
            "ipv6_cidr_blocks": null,
            "prefix_list_ids": [],
            "protocol": "tcp",
            "security_group_id": "sg-0eb512fbf62ab9b04",
            "security_group_rule_id": "sgr-0ae544bc50e28d6f9",
            "self": false,
            "source_security_group_id": "sg-0901d7b917062305d",
            "timeouts": null,
            "to_port": 443,
            "type": "ingress"
          },
          "sensitive_attributes": [],
          "identity_schema_version": 0,
          "private": "eyJlMmJmYjczMC1lY2FhLTExZTYtOGY4OC0zNDM2M2JjN2M0YzAiOnsiY3JlYXRlIjozMDAwMDAwMDAwMDB9LCJzY2hlbWFfdmVyc2lvbiI6IjIifQ==",
          "dependencies": [
            "module.eks.aws_security_group.cluster",
            "module.eks.aws_security_group.node",
            "module.vpc.aws_vpc.this"
          ],
          "create_before_destroy": true
        },
        {
          "index_key": "ingress_cluster_4443_webhook",
          "schema_version": 2,
          "attributes": {
            "cidr_blocks": null,
            "description": "Cluster API to node 4443/tcp webhook",
            "from_port": 4443,
            "id": "sgrule-3636975879",
            "ipv6_cidr_blocks": null,
            "prefix_list_ids": [],
            "protocol": "tcp",
            "security_group_id": "sg-0eb512fbf62ab9b04",
            "security_group_rule_id": "sgr-068496a15127e3d38",
            "self": false,
            "source_security_group_id": "sg-0901d7b917062305d",
            "timeouts": null,
            "to_port": 4443,
            "type": "ingress"
          },
          "sensitive_attributes": [],
          "identity_schema_version": 0,
          "private": "eyJlMmJmYjczMC1lY2FhLTExZTYtOGY4OC0zNDM2M2JjN2M0YzAiOnsiY3JlYXRlIjozMDAwMDAwMDAwMDB9LCJzY2hlbWFfdmVyc2lvbiI6IjIifQ==",
          "dependencies": [
            "module.eks.aws_security_group.cluster",
            "module.eks.aws_security_group.node",
            "module.vpc.aws_vpc.this"
          ],
          "create_before_destroy": true
        },
        {
          "index_key": "ingress_cluster_6443_webhook",
          "schema_version": 2,
          "attributes": {
            "cidr_blocks": null,
            "description": "Cluster API to node 6443/tcp webhook",
            "from_port": 6443,
            "id": "sgrule-293977745",
            "ipv6_cidr_blocks": null,
            "prefix_list_ids": [],
            "protocol": "tcp",
            "security_group_id": "sg-0eb512fbf62ab9b04",
            "security_group_rule_id": "sgr-00ccda9e7c8a25bc4",
            "self": false,
            "source_security_group_id": "sg-0901d7b917062305d",
            "timeouts": null,
            "to_port": 6443,
            "type": "ingress"
          },
          "sensitive_attributes": [],
          "identity_schema_version": 0,
          "private": "eyJlMmJmYjczMC1lY2FhLTExZTYtOGY4OC0zNDM2M2JjN2M0YzAiOnsiY3JlYXRlIjozMDAwMDAwMDAwMDB9LCJzY2hlbWFfdmVyc2lvbiI6IjIifQ==",
          "dependencies": [
            "module.eks.aws_security_group.cluster",
            "module.eks.aws_security_group.node",
            "module.vpc.aws_vpc.this"
          ],
          "create_before_destroy": true
        },
        {
          "index_key": "ingress_cluster_8443_webhook",
          "schema_version": 2,
          "attributes": {
            "cidr_blocks": null,
            "description": "Cluster API to node 8443/tcp webhook",
            "from_port": 8443,
            "id": "sgrule-47809200",
            "ipv6_cidr_blocks": null,
            "prefix_list_ids": [],
            "protocol": "tcp",
            "security_group_id": "sg-0eb512fbf62ab9b04",
            "security_group_rule_id": "sgr-095e718bdf12df086",
            "self": false,
            "source_security_group_id": "sg-0901d7b917062305d",
            "timeouts": null,
            "to_port": 8443,
            "type": "ingress"
          },
          "sensitive_attributes": [],
          "identity_schema_version": 0,
          "private": "eyJlMmJmYjczMC1lY2FhLTExZTYtOGY4OC0zNDM2M2JjN2M0YzAiOnsiY3JlYXRlIjozMDAwMDAwMDAwMDB9LCJzY2hlbWFfdmVyc2lvbiI6IjIifQ==",
          "dependencies": [
            "module.eks.aws_security_group.cluster",
            "module.eks.aws_security_group.node",
            "module.vpc.aws_vpc.this"
          ],
          "create_before_destroy": true
        },
        {
          "index_key": "ingress_cluster_9443_webhook",
          "schema_version": 2,
          "attributes": {
            "cidr_blocks": null,
            "description": "Cluster API to node 9443/tcp webhook",
            "from_port": 9443,
            "id": "sgrule-1719185787",
            "ipv6_cidr_blocks": null,
            "prefix_list_ids": [],
            "protocol": "tcp",
            "security_group_id": "sg-0eb512fbf62ab9b04",
            "security_group_rule_id": "sgr-076373073891c1f35",
            "self": false,
            "source_security_group_id": "sg-0901d7b917062305d",
            "timeouts": null,
            "to_port": 9443,
            "type": "ingress"
          },
          "sensitive_attributes": [],
          "identity_schema_version": 0,
          "private": "eyJlMmJmYjczMC1lY2FhLTExZTYtOGY4OC0zNDM2M2JjN2M0YzAiOnsiY3JlYXRlIjozMDAwMDAwMDAwMDB9LCJzY2hlbWFfdmVyc2lvbiI6IjIifQ==",
          "dependencies": [
            "module.eks.aws_security_group.cluster",
            "module.eks.aws_security_group.node",
            "module.vpc.aws_vpc.this"
          ],
          "create_before_destroy": true
        },
        {
          "index_key": "ingress_cluster_kubelet",
          "schema_version": 2,
          "attributes": {
            "cidr_blocks": null,
            "description": "Cluster API to node kubelets",
            "from_port": 10250,
            "id": "sgrule-3623528609",
            "ipv6_cidr_blocks": null,
            "prefix_list_ids": [],
            "protocol": "tcp",
            "security_group_id": "sg-0eb512fbf62ab9b04",
            "security_group_rule_id": "sgr-01f1f286ab4f178dc",
            "self": false,
            "source_security_group_id": "sg-0901d7b917062305d",
            "timeouts": null,
            "to_port": 10250,
            "type": "ingress"
          },
          "sensitive_attributes": [],
          "identity_schema_version": 0,
          "private": "eyJlMmJmYjczMC1lY2FhLTExZTYtOGY4OC0zNDM2M2JjN2M0YzAiOnsiY3JlYXRlIjozMDAwMDAwMDAwMDB9LCJzY2hlbWFfdmVyc2lvbiI6IjIifQ==",
          "dependencies": [
            "module.eks.aws_security_group.cluster",
            "module.eks.aws_security_group.node",
            "module.vpc.aws_vpc.this"
          ],
          "create_before_destroy": true
        },
        {
          "index_key": "ingress_nodes_ephemeral",
          "schema_version": 2,
          "attributes": {
            "cidr_blocks": null,
            "description": "Node to node ingress on ephemeral ports",
            "from_port": 1025,
            "id": "sgrule-55730201",
            "ipv6_cidr_blocks": null,
            "prefix_list_ids": [],
            "protocol": "tcp",
            "security_group_id": "sg-0eb512fbf62ab9b04",
            "security_group_rule_id": "sgr-017f628631347d4c8",
            "self": true,
            "source_security_group_id": null,
            "timeouts": null,
            "to_port": 65535,
            "type": "ingress"
          },
          "sensitive_attributes": [],
          "identity_schema_version": 0,
          "private": "eyJlMmJmYjczMC1lY2FhLTExZTYtOGY4OC0zNDM2M2JjN2M0YzAiOnsiY3JlYXRlIjozMDAwMDAwMDAwMDB9LCJzY2hlbWFfdmVyc2lvbiI6IjIifQ==",
          "dependencies": [
            "module.eks.aws_security_group.cluster",
            "module.eks.aws_security_group.node",
            "module.vpc.aws_vpc.this"
          ],
          "create_before_destroy": true
        },
        {
          "index_key": "ingress_self_coredns_tcp",
          "schema_version": 2,
          "attributes": {
            "cidr_blocks": null,
            "description": "Node to node CoreDNS",
            "from_port": 53,
            "id": "sgrule-2016765846",
            "ipv6_cidr_blocks": null,
            "prefix_list_ids": [],
            "protocol": "tcp",
            "security_group_id": "sg-0eb512fbf62ab9b04",
            "security_group_rule_id": "sgr-0777ec4d4e273c483",
            "self": true,
            "source_security_group_id": null,
            "timeouts": null,
            "to_port": 53,
            "type": "ingress"
          },
          "sensitive_attributes": [],
          "identity_schema_version": 0,
          "private": "eyJlMmJmYjczMC1lY2FhLTExZTYtOGY4OC0zNDM2M2JjN2M0YzAiOnsiY3JlYXRlIjozMDAwMDAwMDAwMDB9LCJzY2hlbWFfdmVyc2lvbiI6IjIifQ==",
          "dependencies": [
            "module.eks.aws_security_group.cluster",
            "module.eks.aws_security_group.node",
            "module.vpc.aws_vpc.this"
          ],
          "create_before_destroy": true
        },
        {
          "index_key": "ingress_self_coredns_udp",
          "schema_version": 2,
          "attributes": {
            "cidr_blocks": null,
            "description": "Node to node CoreDNS UDP",
            "from_port": 53,
            "id": "sgrule-3697984633",
            "ipv6_cidr_blocks": null,
            "prefix_list_ids": [],
            "protocol": "udp",
            "security_group_id": "sg-0eb512fbf62ab9b04",
            "security_group_rule_id": "sgr-04fcbc1a2387c391d",
            "self": true,
            "source_security_group_id": null,
            "timeouts": null,
            "to_port": 53,
            "type": "ingress"
          },
          "sensitive_attributes": [],
          "identity_schema_version": 0,
          "private": "eyJlMmJmYjczMC1lY2FhLTExZTYtOGY4OC0zNDM2M2JjN2M0YzAiOnsiY3JlYXRlIjozMDAwMDAwMDAwMDB9LCJzY2hlbWFfdmVyc2lvbiI6IjIifQ==",
          "dependencies": [
            "module.eks.aws_security_group.cluster",
            "module.eks.aws_security_group.node",
            "module.vpc.aws_vpc.this"
          ],
          "create_before_destroy": true
        }
      ]
    },
    {
      "module": "module.eks",
      "mode": "managed",
      "type": "time_sleep",
      "name": "this",
      "provider": "provider[\"registry.terraform.io/hashicorp/time\"]",
      "instances": [
        {
          "index_key": 0,
          "schema_version": 0,
          "attributes": {
            "create_duration": "30s",
            "destroy_duration": null,
            "id": "2025-07-04T21:31:16Z",
            "triggers": {
              "cluster_certificate_authority_data": "LS0tLS1CRUdJTiBDRVJUSUZJQ0FURS0tLS0tCk1JSURCVENDQWUyZ0F3SUJBZ0lJT29MWmk1VE9Bc1F3RFFZSktvWklodmNOQVFFTEJRQXdGVEVUTUJFR0ExVUUKQXhNS2EzVmlaWEp1WlhSbGN6QWVGdzB5TlRBM01EUXlNVEl3TlROYUZ3MHpOVEEzTURJeU1USTFOVE5hTUJVeApFekFSQmdOVkJBTVRDbXQxWW1WeWJtVjBaWE13Z2dFaU1BMEdDU3FHU0liM0RRRUJBUVVBQTRJQkR3QXdnZ0VLCkFvSUJBUURkb3AwOWs2dTI4djNCdnJPY09uUGFKc1dKNGxHa2FmTDRKSG1sb2t5bUw4QkZFYk4yMytCUGVHb0wKYlQrWU9ZQ2ZVQ0NEaVBNNjJqem9pdlJIYlpqaTJQQXdmVVFiQVpab0NHLzEyUTVPNzB4cXlVdWc2RElyczZ5cgp0MzA4Uldwc2dYTUc0Z3R3TDhTcHRHVDA4ZkNBMWZ1aTFSb3VDck5uczdMMFcyR3NTNEpJUTNrV0xYcHBGbVpQCjlibE9CYU9OSmtLNUFsTVB6ajU1RG0wWnU2QzJNR3RYTnFJTHcxSC9qYm1hck4zR2R5R29GWUduaG91ekxYeWcKQWFWb3dOWHJKeFBoSkVZcCs3L0pDRGdFOTRPek5DU0NiVHhFS2syYVFmZXk5S0ZuVWxhR2o2K3Q2eGY4ZndqMwo5bnFTZllOa3dEZWttNVIxbDBINk0xVGlJcHlSQWdNQkFBR2pXVEJYTUE0R0ExVWREd0VCL3dRRUF3SUNwREFQCkJnTlZIUk1CQWY4RUJUQURBUUgvTUIwR0ExVWREZ1FXQkJSRVVXK0IxdEVZcFV4S1BmcStOWGk3L2pSOVdUQVYKQmdOVkhSRUVEakFNZ2dwcmRXSmxjbTVsZEdWek1BMEdDU3FHU0liM0RRRUJDd1VBQTRJQkFRQTZtUjVoYjM5QgpKeW1TaGFNNjJxanBPK1Jxc0c0Z2Fmdk0zNDhyL0JQUy9GQ3hUZW5ENkVBRkxiMEVZUzMwRXc5MzBualJwRTg3CmMxM0JtRkh4VElkTGV4MmhGN0hzL2gya3NZQlIwSUM3TDducEg1OWQ3blJuR0haYURmNXM2UkNjMmE1ZXgxV2EKdDhOSVVtY2FtOXp1RUFNR3p0QmlyWlVMYi9UWDA3cmpMLzdoNTFMekhrMXFqL1h2MmFUc3NUY0Q4U3NEK3ZqSgpBOThQOFBYY2JXUjVKRk9PT1JyOVZnQlM4MEVZeXdMQmRLWERkTUZsd3RwV0UraEplT3NEVEZJL1JGa0tBeHlmCjhzckdPZWR3OEVjQ0NBNHZGdkZlQVc2RmVCbjB4cXpxMndIQWhsNXpSelJhZmV6U25OckRVU01tOUVYZnVxQVkKUENDYnVROXJzVnhXCi0tLS0tRU5EIENFUlRJRklDQVRFLS0tLS0K",
              "cluster_endpoint": "https://0B174430F3133599F1858DAAE30B25A5.gr7.us-east-1.eks.amazonaws.com",
              "cluster_name": "fabricio_eks",
              "cluster_service_cidr": "172.20.0.0/16",
              "cluster_version": "1.31"
            }
          },
          "sensitive_attributes": [],
          "identity_schema_version": 0,
          "dependencies": [
            "module.eks.aws_cloudwatch_log_group.this",
            "module.eks.aws_eks_cluster.this",
            "module.eks.aws_iam_policy.cni_ipv6_policy",
            "module.eks.aws_iam_role.this",
            "module.eks.aws_iam_role_policy_attachment.this",
            "module.eks.aws_security_group.cluster",
            "module.eks.aws_security_group.node",
            "module.eks.aws_security_group_rule.cluster",
            "module.eks.aws_security_group_rule.node",
            "module.eks.data.aws_caller_identity.current",
            "module.eks.data.aws_iam_policy_document.assume_role_policy",
            "module.eks.data.aws_iam_policy_document.cni_ipv6_policy",
            "module.eks.data.aws_iam_session_context.current",
            "module.eks.data.aws_partition.current",
            "module.eks.module.kms.aws_kms_external_key.this",
            "module.eks.module.kms.aws_kms_key.this",
            "module.eks.module.kms.aws_kms_replica_external_key.this",
            "module.eks.module.kms.aws_kms_replica_key.this",
            "module.eks.module.kms.data.aws_caller_identity.current",
            "module.eks.module.kms.data.aws_iam_policy_document.this",
            "module.eks.module.kms.data.aws_partition.current",
            "module.vpc.aws_subnet.private",
            "module.vpc.aws_vpc.this",
            "module.vpc.aws_vpc_ipv4_cidr_block_association.this"
          ],
          "create_before_destroy": true
        }
      ]
    },
    {
      "module": "module.eks.module.eks_managed_node_group[\"eks_nodes\"]",
      "mode": "data",
      "type": "aws_caller_identity",
      "name": "current",
      "provider": "provider[\"registry.terraform.io/hashicorp/aws\"]",
      "instances": [
        {
          "schema_version": 0,
          "attributes": {
            "account_id": "942715456738",
            "arn": "arn:aws:iam::942715456738:user/aws",
            "id": "942715456738",
            "user_id": "AIDA5W7RYJTRFV7RU744R"
          },
          "sensitive_attributes": [],
          "identity_schema_version": 0
        }
      ]
    },
    {
      "module": "module.eks.module.eks_managed_node_group[\"eks_nodes\"]",
      "mode": "data",
      "type": "aws_iam_policy_document",
      "name": "assume_role_policy",
      "provider": "provider[\"registry.terraform.io/hashicorp/aws\"]",
      "instances": [
        {
          "index_key": 0,
          "schema_version": 0,
          "attributes": {
            "id": "2560088296",
            "json": "{\n  \"Version\": \"2012-10-17\",\n  \"Statement\": [\n    {\n      \"Sid\": \"EKSNodeAssumeRole\",\n      \"Effect\": \"Allow\",\n      \"Action\": \"sts:AssumeRole\",\n      \"Principal\": {\n        \"Service\": \"ec2.amazonaws.com\"\n      }\n    }\n  ]\n}",
            "minified_json": "{\"Version\":\"2012-10-17\",\"Statement\":[{\"Sid\":\"EKSNodeAssumeRole\",\"Effect\":\"Allow\",\"Action\":\"sts:AssumeRole\",\"Principal\":{\"Service\":\"ec2.amazonaws.com\"}}]}",
            "override_json": null,
            "override_policy_documents": null,
            "policy_id": null,
            "source_json": null,
            "source_policy_documents": null,
            "statement": [
              {
                "actions": [
                  "sts:AssumeRole"
                ],
                "condition": [],
                "effect": "Allow",
                "not_actions": [],
                "not_principals": [],
                "not_resources": [],
                "principals": [
                  {
                    "identifiers": [
                      "ec2.amazonaws.com"
                    ],
                    "type": "Service"
                  }
                ],
                "resources": [],
                "sid": "EKSNodeAssumeRole"
              }
            ],
            "version": "2012-10-17"
          },
          "sensitive_attributes": [],
          "identity_schema_version": 0
        }
      ]
    },
    {
      "module": "module.eks.module.eks_managed_node_group[\"eks_nodes\"]",
      "mode": "data",
      "type": "aws_partition",
      "name": "current",
      "provider": "provider[\"registry.terraform.io/hashicorp/aws\"]",
      "instances": [
        {
          "schema_version": 0,
          "attributes": {
            "dns_suffix": "amazonaws.com",
            "id": "aws",
            "partition": "aws",
            "reverse_dns_prefix": "com.amazonaws"
          },
          "sensitive_attributes": [],
          "identity_schema_version": 0
        }
      ]
    },
    {
      "module": "module.eks.module.eks_managed_node_group[\"eks_nodes\"]",
      "mode": "managed",
      "type": "aws_eks_node_group",
      "name": "this",
      "provider": "provider[\"registry.terraform.io/hashicorp/aws\"]",
      "instances": [
        {
          "index_key": 0,
          "schema_version": 0,
          "attributes": {
            "ami_type": "AL2023_x86_64_STANDARD",
            "arn": "arn:aws:eks:us-east-1:942715456738:nodegroup/fabricio_eks/eks_nodes-20250704213117674600000019/decbebad-2238-6ae7-1347-6969b3ce5a15",
            "capacity_type": "ON_DEMAND",
            "cluster_name": "fabricio_eks",
            "disk_size": 0,
            "force_update_version": null,
            "id": "fabricio_eks:eks_nodes-20250704213117674600000019",
            "instance_types": [
              "t3.medium"
            ],
            "labels": null,
            "launch_template": [
              {
                "id": "lt-001846c0f5fd9761b",
                "name": "eks_nodes-20250704213116321200000017",
                "version": "1"
              }
            ],
            "node_group_name": "eks_nodes-20250704213117674600000019",
            "node_group_name_prefix": "eks_nodes-",
            "node_role_arn": "arn:aws:iam::942715456738:role/eks_nodes-eks-node-group-20250704212010861000000001",
            "release_version": "1.31.7-20250627",
            "remote_access": [],
            "resources": [
              {
                "autoscaling_groups": [
                  {
                    "name": "eks-eks_nodes-20250704213117674600000019-decbebad-2238-6ae7-1347-6969b3ce5a15"
                  }
                ],
                "remote_access_security_group_id": ""
              }
            ],
            "scaling_config": [
              {
                "desired_size": 2,
                "max_size": 4,
                "min_size": 1
              }
            ],
            "status": "ACTIVE",
            "subnet_ids": [
              "subnet-04e58b834ad13aa35",
              "subnet-0cf362471e22a4dcc",
              "subnet-0eb8e315d4140c2fb"
            ],
            "tags": {
              "Name": "eks_nodes"
            },
            "tags_all": {
              "Name": "eks_nodes"
            },
            "taint": [],
            "timeouts": {
              "create": null,
              "delete": null,
              "update": null
            },
            "update_config": [
              {
                "max_unavailable": 0,
                "max_unavailable_percentage": 33
              }
            ],
            "version": "1.31"
          },
          "sensitive_attributes": [],
          "identity_schema_version": 0,
          "private": "eyJlMmJmYjczMC1lY2FhLTExZTYtOGY4OC0zNDM2M2JjN2M0YzAiOnsiY3JlYXRlIjozNjAwMDAwMDAwMDAwLCJkZWxldGUiOjM2MDAwMDAwMDAwMDAsInVwZGF0ZSI6MzYwMDAwMDAwMDAwMH19",
          "dependencies": [
            "module.eks.aws_cloudwatch_log_group.this",
            "module.eks.aws_eks_cluster.this",
            "module.eks.aws_iam_policy.cni_ipv6_policy",
            "module.eks.aws_iam_role.this",
            "module.eks.aws_iam_role_policy_attachment.this",
            "module.eks.aws_security_group.cluster",
            "module.eks.aws_security_group.node",
            "module.eks.aws_security_group_rule.cluster",
            "module.eks.aws_security_group_rule.node",
            "module.eks.data.aws_caller_identity.current",
            "module.eks.data.aws_iam_policy_document.assume_role_policy",
            "module.eks.data.aws_iam_policy_document.cni_ipv6_policy",
            "module.eks.data.aws_iam_session_context.current",
            "module.eks.data.aws_partition.current",
            "module.eks.module.eks_managed_node_group.aws_iam_role.this",
            "module.eks.module.eks_managed_node_group.aws_iam_role_policy_attachment.additional",
            "module.eks.module.eks_managed_node_group.aws_iam_role_policy_attachment.this",
            "module.eks.module.eks_managed_node_group.aws_launch_template.this",
            "module.eks.module.eks_managed_node_group.aws_placement_group.this",
            "module.eks.module.eks_managed_node_group.data.aws_caller_identity.current",
            "module.eks.module.eks_managed_node_group.data.aws_ec2_instance_type.this",
            "module.eks.module.eks_managed_node_group.data.aws_ec2_instance_type_offerings.this",
            "module.eks.module.eks_managed_node_group.data.aws_iam_policy_document.assume_role_policy",
            "module.eks.module.eks_managed_node_group.data.aws_partition.current",
            "module.eks.module.eks_managed_node_group.data.aws_ssm_parameter.ami",
            "module.eks.module.eks_managed_node_group.data.aws_subnets.placement_group",
            "module.eks.module.eks_managed_node_group.module.user_data.data.cloudinit_config.al2023_eks_managed_node_group",
            "module.eks.module.eks_managed_node_group.module.user_data.data.cloudinit_config.linux_eks_managed_node_group",
            "module.eks.module.kms.aws_kms_external_key.this",
            "module.eks.module.kms.aws_kms_key.this",
            "module.eks.module.kms.aws_kms_replica_external_key.this",
            "module.eks.module.kms.aws_kms_replica_key.this",
            "module.eks.module.kms.data.aws_caller_identity.current",
            "module.eks.module.kms.data.aws_iam_policy_document.this",
            "module.eks.module.kms.data.aws_partition.current",
            "module.eks.time_sleep.this",
            "module.vpc.aws_subnet.private",
            "module.vpc.aws_vpc.this",
            "module.vpc.aws_vpc_ipv4_cidr_block_association.this"
          ],
          "create_before_destroy": true
        }
      ]
    },
    {
      "module": "module.eks.module.eks_managed_node_group[\"eks_nodes\"]",
      "mode": "managed",
      "type": "aws_iam_role",
      "name": "this",
      "provider": "provider[\"registry.terraform.io/hashicorp/aws\"]",
      "instances": [
        {
          "index_key": 0,
          "schema_version": 0,
          "attributes": {
            "arn": "arn:aws:iam::942715456738:role/eks_nodes-eks-node-group-20250704212010861000000001",
            "assume_role_policy": "{\"Statement\":[{\"Action\":\"sts:AssumeRole\",\"Effect\":\"Allow\",\"Principal\":{\"Service\":\"ec2.amazonaws.com\"},\"Sid\":\"EKSNodeAssumeRole\"}],\"Version\":\"2012-10-17\"}",
            "create_date": "2025-07-04T21:20:40Z",
            "description": "EKS managed node group IAM role",
            "force_detach_policies": true,
            "id": "eks_nodes-eks-node-group-20250704212010861000000001",
            "inline_policy": [],
            "managed_policy_arns": [],
            "max_session_duration": 3600,
            "name": "eks_nodes-eks-node-group-20250704212010861000000001",
            "name_prefix": "eks_nodes-eks-node-group-",
            "path": "/",
            "permissions_boundary": "",
            "tags": null,
            "tags_all": {},
            "unique_id": "AROA5W7RYJTRPDMDBLCWG"
          },
          "sensitive_attributes": [],
          "identity_schema_version": 0,
          "private": "bnVsbA==",
          "dependencies": [
            "module.eks.module.eks_managed_node_group.data.aws_iam_policy_document.assume_role_policy"
          ],
          "create_before_destroy": true
        }
      ]
    },
    {
      "module": "module.eks.module.eks_managed_node_group[\"eks_nodes\"]",
      "mode": "managed",
      "type": "aws_iam_role_policy_attachment",
      "name": "this",
      "provider": "provider[\"registry.terraform.io/hashicorp/aws\"]",
      "instances": [
        {
          "index_key": "AmazonEC2ContainerRegistryReadOnly",
          "schema_version": 0,
          "attributes": {
            "id": "eks_nodes-eks-node-group-20250704212010861000000001-20250704212012554500000003",
            "policy_arn": "arn:aws:iam::aws:policy/AmazonEC2ContainerRegistryReadOnly",
            "role": "eks_nodes-eks-node-group-20250704212010861000000001"
          },
          "sensitive_attributes": [],
          "identity_schema_version": 0,
          "private": "bnVsbA==",
          "dependencies": [
            "module.eks.module.eks_managed_node_group.aws_iam_role.this",
            "module.eks.module.eks_managed_node_group.data.aws_caller_identity.current",
            "module.eks.module.eks_managed_node_group.data.aws_iam_policy_document.assume_role_policy",
            "module.eks.module.eks_managed_node_group.data.aws_partition.current"
          ],
          "create_before_destroy": true
        },
        {
          "index_key": "AmazonEKSWorkerNodePolicy",
          "schema_version": 0,
          "attributes": {
            "id": "eks_nodes-eks-node-group-20250704212010861000000001-20250704212012617800000005",
            "policy_arn": "arn:aws:iam::aws:policy/AmazonEKSWorkerNodePolicy",
            "role": "eks_nodes-eks-node-group-20250704212010861000000001"
          },
          "sensitive_attributes": [],
          "identity_schema_version": 0,
          "private": "bnVsbA==",
          "dependencies": [
            "module.eks.module.eks_managed_node_group.aws_iam_role.this",
            "module.eks.module.eks_managed_node_group.data.aws_caller_identity.current",
            "module.eks.module.eks_managed_node_group.data.aws_iam_policy_document.assume_role_policy",
            "module.eks.module.eks_managed_node_group.data.aws_partition.current"
          ],
          "create_before_destroy": true
        },
        {
          "index_key": "AmazonEKS_CNI_Policy",
          "schema_version": 0,
          "attributes": {
            "id": "eks_nodes-eks-node-group-20250704212010861000000001-20250704212012597600000004",
            "policy_arn": "arn:aws:iam::aws:policy/AmazonEKS_CNI_Policy",
            "role": "eks_nodes-eks-node-group-20250704212010861000000001"
          },
          "sensitive_attributes": [],
          "identity_schema_version": 0,
          "private": "bnVsbA==",
          "dependencies": [
            "module.eks.module.eks_managed_node_group.aws_iam_role.this",
            "module.eks.module.eks_managed_node_group.data.aws_caller_identity.current",
            "module.eks.module.eks_managed_node_group.data.aws_iam_policy_document.assume_role_policy",
            "module.eks.module.eks_managed_node_group.data.aws_partition.current"
          ],
          "create_before_destroy": true
        }
      ]
    },
    {
      "module": "module.eks.module.eks_managed_node_group[\"eks_nodes\"]",
      "mode": "managed",
      "type": "aws_launch_template",
      "name": "this",
      "provider": "provider[\"registry.terraform.io/hashicorp/aws\"]",
      "instances": [
        {
          "index_key": 0,
          "schema_version": 0,
          "attributes": {
            "arn": "arn:aws:ec2:us-east-1:942715456738:launch-template/lt-001846c0f5fd9761b",
            "block_device_mappings": [],
            "capacity_reservation_specification": [],
            "cpu_options": [],
            "credit_specification": [],
            "default_version": 1,
            "description": "Custom launch template for eks_nodes EKS managed node group",
            "disable_api_stop": false,
            "disable_api_termination": false,
            "ebs_optimized": "",
            "elastic_gpu_specifications": [],
            "elastic_inference_accelerator": [],
            "enclave_options": [],
            "hibernation_options": [],
            "iam_instance_profile": [],
            "id": "lt-001846c0f5fd9761b",
            "image_id": "",
            "instance_initiated_shutdown_behavior": "",
            "instance_market_options": [],
            "instance_requirements": [],
            "instance_type": "",
            "kernel_id": "",
            "key_name": "",
            "latest_version": 1,
            "license_specification": [],
            "maintenance_options": [],
            "metadata_options": [
              {
                "http_endpoint": "enabled",
                "http_protocol_ipv6": "",
                "http_put_response_hop_limit": 2,
                "http_tokens": "required",
                "instance_metadata_tags": ""
              }
            ],
            "monitoring": [
              {
                "enabled": true
              }
            ],
            "name": "eks_nodes-20250704213116321200000017",
            "name_prefix": "eks_nodes-",
            "network_interfaces": [],
            "placement": [],
            "private_dns_name_options": [],
            "ram_disk_id": "",
            "security_group_names": null,
            "tag_specifications": [
              {
                "resource_type": "instance",
                "tags": {
                  "Name": "eks_nodes"
                }
              },
              {
                "resource_type": "network-interface",
                "tags": {
                  "Name": "eks_nodes"
                }
              },
              {
                "resource_type": "volume",
                "tags": {
                  "Name": "eks_nodes"
                }
              }
            ],
            "tags": null,
            "tags_all": {},
            "update_default_version": true,
            "user_data": "",
            "vpc_security_group_ids": [
              "sg-0eb512fbf62ab9b04"
            ]
          },
          "sensitive_attributes": [],
          "identity_schema_version": 0,
          "private": "bnVsbA==",
          "dependencies": [
            "module.eks.aws_cloudwatch_log_group.this",
            "module.eks.aws_eks_cluster.this",
            "module.eks.aws_iam_policy.cni_ipv6_policy",
            "module.eks.aws_iam_role.this",
            "module.eks.aws_iam_role_policy_attachment.this",
            "module.eks.aws_security_group.cluster",
            "module.eks.aws_security_group.node",
            "module.eks.aws_security_group_rule.cluster",
            "module.eks.aws_security_group_rule.node",
            "module.eks.data.aws_caller_identity.current",
            "module.eks.data.aws_iam_policy_document.assume_role_policy",
            "module.eks.data.aws_iam_policy_document.cni_ipv6_policy",
            "module.eks.data.aws_iam_session_context.current",
            "module.eks.data.aws_partition.current",
            "module.eks.module.eks_managed_node_group.aws_iam_role.this",
            "module.eks.module.eks_managed_node_group.aws_iam_role_policy_attachment.additional",
            "module.eks.module.eks_managed_node_group.aws_iam_role_policy_attachment.this",
            "module.eks.module.eks_managed_node_group.aws_placement_group.this",
            "module.eks.module.eks_managed_node_group.data.aws_caller_identity.current",
            "module.eks.module.eks_managed_node_group.data.aws_ec2_instance_type.this",
            "module.eks.module.eks_managed_node_group.data.aws_iam_policy_document.assume_role_policy",
            "module.eks.module.eks_managed_node_group.data.aws_partition.current",
            "module.eks.module.eks_managed_node_group.module.user_data.data.cloudinit_config.al2023_eks_managed_node_group",
            "module.eks.module.eks_managed_node_group.module.user_data.data.cloudinit_config.linux_eks_managed_node_group",
            "module.eks.module.kms.aws_kms_external_key.this",
            "module.eks.module.kms.aws_kms_key.this",
            "module.eks.module.kms.aws_kms_replica_external_key.this",
            "module.eks.module.kms.aws_kms_replica_key.this",
            "module.eks.module.kms.data.aws_caller_identity.current",
            "module.eks.module.kms.data.aws_iam_policy_document.this",
            "module.eks.module.kms.data.aws_partition.current",
            "module.eks.time_sleep.this",
            "module.vpc.aws_subnet.private",
            "module.vpc.aws_vpc.this",
            "module.vpc.aws_vpc_ipv4_cidr_block_association.this"
          ],
          "create_before_destroy": true
        }
      ]
    },
    {
      "module": "module.eks.module.eks_managed_node_group[\"eks_nodes\"].module.user_data",
      "mode": "managed",
      "type": "null_resource",
      "name": "validate_cluster_service_cidr",
      "provider": "provider[\"registry.terraform.io/hashicorp/null\"]",
      "instances": [
        {
          "schema_version": 0,
          "attributes": {
            "id": "1877728621469487563",
            "triggers": null
          },
          "sensitive_attributes": [],
          "identity_schema_version": 0,
          "dependencies": [
            "module.eks.aws_cloudwatch_log_group.this",
            "module.eks.aws_eks_cluster.this",
            "module.eks.aws_iam_policy.cni_ipv6_policy",
            "module.eks.aws_iam_role.this",
            "module.eks.aws_iam_role_policy_attachment.this",
            "module.eks.aws_security_group.cluster",
            "module.eks.aws_security_group.node",
            "module.eks.aws_security_group_rule.cluster",
            "module.eks.aws_security_group_rule.node",
            "module.eks.data.aws_caller_identity.current",
            "module.eks.data.aws_iam_policy_document.assume_role_policy",
            "module.eks.data.aws_iam_policy_document.cni_ipv6_policy",
            "module.eks.data.aws_iam_session_context.current",
            "module.eks.data.aws_partition.current",
            "module.eks.module.kms.aws_kms_external_key.this",
            "module.eks.module.kms.aws_kms_key.this",
            "module.eks.module.kms.aws_kms_replica_external_key.this",
            "module.eks.module.kms.aws_kms_replica_key.this",
            "module.eks.module.kms.data.aws_caller_identity.current",
            "module.eks.module.kms.data.aws_iam_policy_document.this",
            "module.eks.module.kms.data.aws_partition.current",
            "module.eks.time_sleep.this",
            "module.vpc.aws_subnet.private",
            "module.vpc.aws_vpc.this",
            "module.vpc.aws_vpc_ipv4_cidr_block_association.this"
          ]
        }
      ]
    },
    {
      "module": "module.eks.module.kms",
      "mode": "data",
      "type": "aws_caller_identity",
      "name": "current",
      "provider": "provider[\"registry.terraform.io/hashicorp/aws\"]",
      "instances": [
        {
          "index_key": 0,
          "schema_version": 0,
          "attributes": {
            "account_id": "942715456738",
            "arn": "arn:aws:iam::942715456738:user/aws",
            "id": "942715456738",
            "user_id": "AIDA5W7RYJTRFV7RU744R"
          },
          "sensitive_attributes": [],
          "identity_schema_version": 0
        }
      ]
    },
    {
      "module": "module.eks.module.kms",
      "mode": "data",
      "type": "aws_iam_policy_document",
      "name": "this",
      "provider": "provider[\"registry.terraform.io/hashicorp/aws\"]",
      "instances": [
        {
          "index_key": 0,
          "schema_version": 0,
          "attributes": {
            "id": "296225497",
            "json": "{\n  \"Version\": \"2012-10-17\",\n  \"Statement\": [\n    {\n      \"Sid\": \"Default\",\n      \"Effect\": \"Allow\",\n      \"Action\": \"kms:*\",\n      \"Resource\": \"*\",\n      \"Principal\": {\n        \"AWS\": \"arn:aws:iam::942715456738:root\"\n      }\n    },\n    {\n      \"Sid\": \"KeyAdministration\",\n      \"Effect\": \"Allow\",\n      \"Action\": [\n        \"kms:Update*\",\n        \"kms:UntagResource\",\n        \"kms:TagResource\",\n        \"kms:ScheduleKeyDeletion\",\n        \"kms:Revoke*\",\n        \"kms:ReplicateKey\",\n        \"kms:Put*\",\n        \"kms:List*\",\n        \"kms:ImportKeyMaterial\",\n        \"kms:Get*\",\n        \"kms:Enable*\",\n        \"kms:Disable*\",\n        \"kms:Describe*\",\n        \"kms:Delete*\",\n        \"kms:Create*\",\n        \"kms:CancelKeyDeletion\"\n      ],\n      \"Resource\": \"*\",\n      \"Principal\": {\n        \"AWS\": \"arn:aws:iam::942715456738:user/aws\"\n      }\n    },\n    {\n      \"Sid\": \"KeyUsage\",\n      \"Effect\": \"Allow\",\n      \"Action\": [\n        \"kms:ReEncrypt*\",\n        \"kms:GenerateDataKey*\",\n        \"kms:Encrypt\",\n        \"kms:DescribeKey\",\n        \"kms:Decrypt\"\n      ],\n      \"Resource\": \"*\",\n      \"Principal\": {\n        \"AWS\": \"arn:aws:iam::942715456738:role/fabricio_eks-cluster-20250704212010862800000002\"\n      }\n    }\n  ]\n}",
            "minified_json": "{\"Version\":\"2012-10-17\",\"Statement\":[{\"Sid\":\"Default\",\"Effect\":\"Allow\",\"Action\":\"kms:*\",\"Resource\":\"*\",\"Principal\":{\"AWS\":\"arn:aws:iam::942715456738:root\"}},{\"Sid\":\"KeyAdministration\",\"Effect\":\"Allow\",\"Action\":[\"kms:Update*\",\"kms:UntagResource\",\"kms:TagResource\",\"kms:ScheduleKeyDeletion\",\"kms:Revoke*\",\"kms:ReplicateKey\",\"kms:Put*\",\"kms:List*\",\"kms:ImportKeyMaterial\",\"kms:Get*\",\"kms:Enable*\",\"kms:Disable*\",\"kms:Describe*\",\"kms:Delete*\",\"kms:Create*\",\"kms:CancelKeyDeletion\"],\"Resource\":\"*\",\"Principal\":{\"AWS\":\"arn:aws:iam::942715456738:user/aws\"}},{\"Sid\":\"KeyUsage\",\"Effect\":\"Allow\",\"Action\":[\"kms:ReEncrypt*\",\"kms:GenerateDataKey*\",\"kms:Encrypt\",\"kms:DescribeKey\",\"kms:Decrypt\"],\"Resource\":\"*\",\"Principal\":{\"AWS\":\"arn:aws:iam::942715456738:role/fabricio_eks-cluster-20250704212010862800000002\"}}]}",
            "override_json": null,
            "override_policy_documents": null,
            "policy_id": null,
            "source_json": null,
            "source_policy_documents": null,
            "statement": [
              {
                "actions": [
                  "kms:*"
                ],
                "condition": [],
                "effect": "Allow",
                "not_actions": [],
                "not_principals": [],
                "not_resources": [],
                "principals": [
                  {
                    "identifiers": [
                      "arn:aws:iam::942715456738:root"
                    ],
                    "type": "AWS"
                  }
                ],
                "resources": [
                  "*"
                ],
                "sid": "Default"
              },
              {
                "actions": [
                  "kms:CancelKeyDeletion",
                  "kms:Create*",
                  "kms:Delete*",
                  "kms:Describe*",
                  "kms:Disable*",
                  "kms:Enable*",
                  "kms:Get*",
                  "kms:ImportKeyMaterial",
                  "kms:List*",
                  "kms:Put*",
                  "kms:ReplicateKey",
                  "kms:Revoke*",
                  "kms:ScheduleKeyDeletion",
                  "kms:TagResource",
                  "kms:UntagResource",
                  "kms:Update*"
                ],
                "condition": [],
                "effect": "Allow",
                "not_actions": [],
                "not_principals": [],
                "not_resources": [],
                "principals": [
                  {
                    "identifiers": [
                      "arn:aws:iam::942715456738:user/aws"
                    ],
                    "type": "AWS"
                  }
                ],
                "resources": [
                  "*"
                ],
                "sid": "KeyAdministration"
              },
              {
                "actions": [
                  "kms:Decrypt",
                  "kms:DescribeKey",
                  "kms:Encrypt",
                  "kms:GenerateDataKey*",
                  "kms:ReEncrypt*"
                ],
                "condition": [],
                "effect": "Allow",
                "not_actions": [],
                "not_principals": [],
                "not_resources": [],
                "principals": [
                  {
                    "identifiers": [
                      "arn:aws:iam::942715456738:role/fabricio_eks-cluster-20250704212010862800000002"
                    ],
                    "type": "AWS"
                  }
                ],
                "resources": [
                  "*"
                ],
                "sid": "KeyUsage"
              }
            ],
            "version": "2012-10-17"
          },
          "sensitive_attributes": [],
          "identity_schema_version": 0
        }
      ]
    },
    {
      "module": "module.eks.module.kms",
      "mode": "data",
      "type": "aws_partition",
      "name": "current",
      "provider": "provider[\"registry.terraform.io/hashicorp/aws\"]",
      "instances": [
        {
          "index_key": 0,
          "schema_version": 0,
          "attributes": {
            "dns_suffix": "amazonaws.com",
            "id": "aws",
            "partition": "aws",
            "reverse_dns_prefix": "com.amazonaws"
          },
          "sensitive_attributes": [],
          "identity_schema_version": 0
        }
      ]
    },
    {
      "module": "module.eks.module.kms",
      "mode": "managed",
      "type": "aws_kms_alias",
      "name": "this",
      "provider": "provider[\"registry.terraform.io/hashicorp/aws\"]",
      "instances": [
        {
          "index_key": "cluster",
          "schema_version": 0,
          "attributes": {
            "arn": "arn:aws:kms:us-east-1:942715456738:alias/eks/fabricio_eks",
            "id": "alias/eks/fabricio_eks",
            "name": "alias/eks/fabricio_eks",
            "name_prefix": "",
            "target_key_arn": "arn:aws:kms:us-east-1:942715456738:key/d476dc50-4912-4704-a0a9-b6dc5e9a49b6",
            "target_key_id": "d476dc50-4912-4704-a0a9-b6dc5e9a49b6"
          },
          "sensitive_attributes": [],
          "identity_schema_version": 0,
          "private": "bnVsbA==",
          "dependencies": [
            "module.eks.aws_iam_role.this",
            "module.eks.data.aws_caller_identity.current",
            "module.eks.data.aws_iam_policy_document.assume_role_policy",
            "module.eks.data.aws_iam_session_context.current",
            "module.eks.module.kms.aws_kms_external_key.this",
            "module.eks.module.kms.aws_kms_key.this",
            "module.eks.module.kms.aws_kms_replica_external_key.this",
            "module.eks.module.kms.aws_kms_replica_key.this",
            "module.eks.module.kms.data.aws_caller_identity.current",
            "module.eks.module.kms.data.aws_iam_policy_document.this",
            "module.eks.module.kms.data.aws_partition.current"
          ]
        }
      ]
    },
    {
      "module": "module.eks.module.kms",
      "mode": "managed",
      "type": "aws_kms_key",
      "name": "this",
      "provider": "provider[\"registry.terraform.io/hashicorp/aws\"]",
      "instances": [
        {
          "index_key": 0,
          "schema_version": 0,
          "attributes": {
            "arn": "arn:aws:kms:us-east-1:942715456738:key/d476dc50-4912-4704-a0a9-b6dc5e9a49b6",
            "bypass_policy_lockout_safety_check": false,
            "custom_key_store_id": "",
            "customer_master_key_spec": "SYMMETRIC_DEFAULT",
            "deletion_window_in_days": null,
            "description": "fabricio_eks cluster encryption key",
            "enable_key_rotation": true,
            "id": "d476dc50-4912-4704-a0a9-b6dc5e9a49b6",
            "is_enabled": true,
            "key_id": "d476dc50-4912-4704-a0a9-b6dc5e9a49b6",
            "key_usage": "ENCRYPT_DECRYPT",
            "multi_region": false,
            "policy": "{\"Statement\":[{\"Action\":\"kms:*\",\"Effect\":\"Allow\",\"Principal\":{\"AWS\":\"arn:aws:iam::942715456738:root\"},\"Resource\":\"*\",\"Sid\":\"Default\"},{\"Action\":[\"kms:Update*\",\"kms:UntagResource\",\"kms:TagResource\",\"kms:ScheduleKeyDeletion\",\"kms:Revoke*\",\"kms:ReplicateKey\",\"kms:Put*\",\"kms:List*\",\"kms:ImportKeyMaterial\",\"kms:Get*\",\"kms:Enable*\",\"kms:Disable*\",\"kms:Describe*\",\"kms:Delete*\",\"kms:Create*\",\"kms:CancelKeyDeletion\"],\"Effect\":\"Allow\",\"Principal\":{\"AWS\":\"arn:aws:iam::942715456738:user/aws\"},\"Resource\":\"*\",\"Sid\":\"KeyAdministration\"},{\"Action\":[\"kms:ReEncrypt*\",\"kms:GenerateDataKey*\",\"kms:Encrypt\",\"kms:DescribeKey\",\"kms:Decrypt\"],\"Effect\":\"Allow\",\"Principal\":{\"AWS\":\"arn:aws:iam::942715456738:role/fabricio_eks-cluster-20250704212010862800000002\"},\"Resource\":\"*\",\"Sid\":\"KeyUsage\"}],\"Version\":\"2012-10-17\"}",
            "rotation_period_in_days": 365,
            "tags": {
              "terraform-aws-modules": "eks"
            },
            "tags_all": {
              "terraform-aws-modules": "eks"
            },
            "timeouts": null,
            "xks_key_id": ""
          },
          "sensitive_attributes": [],
          "identity_schema_version": 0,
          "private": "eyJlMmJmYjczMC1lY2FhLTExZTYtOGY4OC0zNDM2M2JjN2M0YzAiOnsiY3JlYXRlIjoxMjAwMDAwMDAwMDB9fQ==",
          "dependencies": [
            "module.eks.aws_iam_role.this",
            "module.eks.data.aws_caller_identity.current",
            "module.eks.data.aws_iam_policy_document.assume_role_policy",
            "module.eks.data.aws_iam_session_context.current",
            "module.eks.module.kms.data.aws_caller_identity.current",
            "module.eks.module.kms.data.aws_iam_policy_document.this",
            "module.eks.module.kms.data.aws_partition.current"
          ],
          "create_before_destroy": true
        }
      ]
    },
    {
      "module": "module.vpc",
      "mode": "managed",
      "type": "aws_default_network_acl",
      "name": "this",
      "provider": "provider[\"registry.terraform.io/hashicorp/aws\"]",
      "instances": [
        {
          "index_key": 0,
          "schema_version": 0,
          "attributes": {
            "arn": "arn:aws:ec2:us-east-1:942715456738:network-acl/acl-05be8aa6cce4a5bd6",
            "default_network_acl_id": "acl-05be8aa6cce4a5bd6",
            "egress": [
              {
                "action": "allow",
                "cidr_block": "",
                "from_port": 0,
                "icmp_code": null,
                "icmp_type": null,
                "ipv6_cidr_block": "::/0",
                "protocol": "-1",
                "rule_no": 101,
                "to_port": 0
              },
              {
                "action": "allow",
                "cidr_block": "0.0.0.0/0",
                "from_port": 0,
                "icmp_code": null,
                "icmp_type": null,
                "ipv6_cidr_block": "",
                "protocol": "-1",
                "rule_no": 100,
                "to_port": 0
              }
            ],
            "id": "acl-05be8aa6cce4a5bd6",
            "ingress": [
              {
                "action": "allow",
                "cidr_block": "",
                "from_port": 0,
                "icmp_code": null,
                "icmp_type": null,
                "ipv6_cidr_block": "::/0",
                "protocol": "-1",
                "rule_no": 101,
                "to_port": 0
              },
              {
                "action": "allow",
                "cidr_block": "0.0.0.0/0",
                "from_port": 0,
                "icmp_code": null,
                "icmp_type": null,
                "ipv6_cidr_block": "",
                "protocol": "-1",
                "rule_no": 100,
                "to_port": 0
              }
            ],
            "owner_id": "942715456738",
            "subnet_ids": [
              "subnet-04e58b834ad13aa35",
              "subnet-077ecb80d4efb48ba",
              "subnet-0cf362471e22a4dcc",
              "subnet-0eb8e315d4140c2fb"
            ],
            "tags": {
              "Name": "Ecs-vpc-default"
            },
            "tags_all": {
              "Name": "Ecs-vpc-default"
            },
            "vpc_id": "vpc-0046ba83d0e0c5b74"
          },
          "sensitive_attributes": [],
          "identity_schema_version": 0,
          "private": "bnVsbA==",
          "dependencies": [
            "module.vpc.aws_vpc.this"
          ]
        }
      ]
    },
    {
      "module": "module.vpc",
      "mode": "managed",
      "type": "aws_default_route_table",
      "name": "default",
      "provider": "provider[\"registry.terraform.io/hashicorp/aws\"]",
      "instances": [
        {
          "index_key": 0,
          "schema_version": 0,
          "attributes": {
            "arn": "arn:aws:ec2:us-east-1:942715456738:route-table/rtb-07937c250767b3471",
            "default_route_table_id": "rtb-07937c250767b3471",
            "id": "rtb-07937c250767b3471",
            "owner_id": "942715456738",
            "propagating_vgws": null,
            "route": [],
            "tags": {
              "Name": "Ecs-vpc-default"
            },
            "tags_all": {
              "Name": "Ecs-vpc-default"
            },
            "timeouts": {
              "create": "5m",
              "update": "5m"
            },
            "vpc_id": "vpc-0046ba83d0e0c5b74"
          },
          "sensitive_attributes": [],
          "identity_schema_version": 0,
          "private": "eyJlMmJmYjczMC1lY2FhLTExZTYtOGY4OC0zNDM2M2JjN2M0YzAiOnsiY3JlYXRlIjozMDAwMDAwMDAwMDAsInVwZGF0ZSI6MzAwMDAwMDAwMDAwfX0=",
          "dependencies": [
            "module.vpc.aws_vpc.this"
          ]
        }
      ]
    },
    {
      "module": "module.vpc",
      "mode": "managed",
      "type": "aws_default_security_group",
      "name": "this",
      "provider": "provider[\"registry.terraform.io/hashicorp/aws\"]",
      "instances": [
        {
          "index_key": 0,
          "schema_version": 1,
          "attributes": {
            "arn": "arn:aws:ec2:us-east-1:942715456738:security-group/sg-0315d2cc02422dd6e",
            "description": "default VPC security group",
            "egress": [],
            "id": "sg-0315d2cc02422dd6e",
            "ingress": [],
            "name": "default",
            "name_prefix": "",
            "owner_id": "942715456738",
            "revoke_rules_on_delete": false,
            "tags": {
              "Name": "Ecs-vpc-default"
            },
            "tags_all": {
              "Name": "Ecs-vpc-default"
            },
            "vpc_id": "vpc-0046ba83d0e0c5b74"
          },
          "sensitive_attributes": [],
          "identity_schema_version": 0,
          "private": "eyJzY2hlbWFfdmVyc2lvbiI6IjEifQ==",
          "dependencies": [
            "module.vpc.aws_vpc.this"
          ]
        }
      ]
    },
    {
      "module": "module.vpc",
      "mode": "managed",
      "type": "aws_eip",
      "name": "nat",
      "provider": "provider[\"registry.terraform.io/hashicorp/aws\"]",
      "instances": [
        {
          "index_key": 0,
          "schema_version": 0,
          "attributes": {
            "address": null,
            "allocation_id": "eipalloc-0cbe5fe52f85d855f",
            "arn": "arn:aws:ec2:us-east-1:942715456738:elastic-ip/eipalloc-0cbe5fe52f85d855f",
            "associate_with_private_ip": null,
            "association_id": "",
            "carrier_ip": "",
            "customer_owned_ip": "",
            "customer_owned_ipv4_pool": "",
            "domain": "vpc",
            "id": "eipalloc-0cbe5fe52f85d855f",
            "instance": "",
            "ipam_pool_id": null,
            "network_border_group": "us-east-1",
            "network_interface": "",
            "private_dns": null,
            "private_ip": "",
            "ptr_record": "",
            "public_dns": "ec2-18-209-68-146.compute-1.amazonaws.com",
            "public_ip": "18.209.68.146",
            "public_ipv4_pool": "amazon",
            "tags": {
              "Name": "Ecs-vpc-us-east-1a"
            },
            "tags_all": {
              "Name": "Ecs-vpc-us-east-1a"
            },
            "timeouts": null,
            "vpc": true
          },
          "sensitive_attributes": [],
          "identity_schema_version": 0,
          "private": "eyJlMmJmYjczMC1lY2FhLTExZTYtOGY4OC0zNDM2M2JjN2M0YzAiOnsiZGVsZXRlIjoxODAwMDAwMDAwMDAsInJlYWQiOjkwMDAwMDAwMDAwMCwidXBkYXRlIjozMDAwMDAwMDAwMDB9fQ==",
          "dependencies": [
            "module.vpc.aws_internet_gateway.this",
            "module.vpc.aws_vpc.this",
            "module.vpc.aws_vpc_ipv4_cidr_block_association.this"
          ]
        },
        {
          "index_key": 1,
          "schema_version": 0,
          "attributes": {
            "address": null,
            "allocation_id": "eipalloc-0e4fe9284e425f364",
            "arn": "arn:aws:ec2:us-east-1:942715456738:elastic-ip/eipalloc-0e4fe9284e425f364",
            "associate_with_private_ip": null,
            "association_id": "",
            "carrier_ip": "",
            "customer_owned_ip": "",
            "customer_owned_ipv4_pool": "",
            "domain": "vpc",
            "id": "eipalloc-0e4fe9284e425f364",
            "instance": "",
            "ipam_pool_id": null,
            "network_border_group": "us-east-1",
            "network_interface": "",
            "private_dns": null,
            "private_ip": "",
            "ptr_record": "",
            "public_dns": "ec2-52-202-98-228.compute-1.amazonaws.com",
            "public_ip": "52.202.98.228",
            "public_ipv4_pool": "amazon",
            "tags": {
              "Name": "Ecs-vpc-us-east-1b"
            },
            "tags_all": {
              "Name": "Ecs-vpc-us-east-1b"
            },
            "timeouts": null,
            "vpc": true
          },
          "sensitive_attributes": [],
          "identity_schema_version": 0,
          "private": "eyJlMmJmYjczMC1lY2FhLTExZTYtOGY4OC0zNDM2M2JjN2M0YzAiOnsiZGVsZXRlIjoxODAwMDAwMDAwMDAsInJlYWQiOjkwMDAwMDAwMDAwMCwidXBkYXRlIjozMDAwMDAwMDAwMDB9fQ==",
          "dependencies": [
            "module.vpc.aws_internet_gateway.this",
            "module.vpc.aws_vpc.this",
            "module.vpc.aws_vpc_ipv4_cidr_block_association.this"
          ]
        },
        {
          "index_key": 2,
          "schema_version": 0,
          "attributes": {
            "address": null,
            "allocation_id": "eipalloc-00a84e5b6b69144f9",
            "arn": "arn:aws:ec2:us-east-1:942715456738:elastic-ip/eipalloc-00a84e5b6b69144f9",
            "associate_with_private_ip": null,
            "association_id": "",
            "carrier_ip": "",
            "customer_owned_ip": "",
            "customer_owned_ipv4_pool": "",
            "domain": "vpc",
            "id": "eipalloc-00a84e5b6b69144f9",
            "instance": "",
            "ipam_pool_id": null,
            "network_border_group": "us-east-1",
            "network_interface": "",
            "private_dns": null,
            "private_ip": "",
            "ptr_record": "",
            "public_dns": "ec2-34-207-24-195.compute-1.amazonaws.com",
            "public_ip": "34.207.24.195",
            "public_ipv4_pool": "amazon",
            "tags": {
              "Name": "Ecs-vpc-us-east-1c"
            },
            "tags_all": {
              "Name": "Ecs-vpc-us-east-1c"
            },
            "timeouts": null,
            "vpc": true
          },
          "sensitive_attributes": [],
          "identity_schema_version": 0,
          "private": "eyJlMmJmYjczMC1lY2FhLTExZTYtOGY4OC0zNDM2M2JjN2M0YzAiOnsiZGVsZXRlIjoxODAwMDAwMDAwMDAsInJlYWQiOjkwMDAwMDAwMDAwMCwidXBkYXRlIjozMDAwMDAwMDAwMDB9fQ==",
          "dependencies": [
            "module.vpc.aws_internet_gateway.this",
            "module.vpc.aws_vpc.this",
            "module.vpc.aws_vpc_ipv4_cidr_block_association.this"
          ]
        }
      ]
    },
    {
      "module": "module.vpc",
      "mode": "managed",
      "type": "aws_internet_gateway",
      "name": "this",
      "provider": "provider[\"registry.terraform.io/hashicorp/aws\"]",
      "instances": [
        {
          "index_key": 0,
          "schema_version": 0,
          "attributes": {
            "arn": "arn:aws:ec2:us-east-1:942715456738:internet-gateway/igw-0f55eabc134d2d213",
            "id": "igw-0f55eabc134d2d213",
            "owner_id": "942715456738",
            "tags": {
              "Name": "Ecs-vpc"
            },
            "tags_all": {
              "Name": "Ecs-vpc"
            },
            "timeouts": null,
            "vpc_id": "vpc-0046ba83d0e0c5b74"
          },
          "sensitive_attributes": [],
          "identity_schema_version": 0,
          "private": "eyJlMmJmYjczMC1lY2FhLTExZTYtOGY4OC0zNDM2M2JjN2M0YzAiOnsiY3JlYXRlIjoxMjAwMDAwMDAwMDAwLCJkZWxldGUiOjEyMDAwMDAwMDAwMDAsInVwZGF0ZSI6MTIwMDAwMDAwMDAwMH19",
          "dependencies": [
            "module.vpc.aws_vpc.this",
            "module.vpc.aws_vpc_ipv4_cidr_block_association.this"
          ]
        }
      ]
    },
    {
      "module": "module.vpc",
      "mode": "managed",
      "type": "aws_nat_gateway",
      "name": "this",
      "provider": "provider[\"registry.terraform.io/hashicorp/aws\"]",
      "instances": [
        {
          "index_key": 0,
          "schema_version": 0,
          "attributes": {
            "allocation_id": "eipalloc-0cbe5fe52f85d855f",
            "association_id": "eipassoc-092c3a69aca8749c0",
            "connectivity_type": "public",
            "id": "nat-0931cbf46482b8921",
            "network_interface_id": "eni-0809c6c18252a6e26",
            "private_ip": "10.0.101.209",
            "public_ip": "18.209.68.146",
            "secondary_allocation_ids": null,
            "secondary_private_ip_address_count": 0,
            "secondary_private_ip_addresses": [],
            "subnet_id": "subnet-086854afc1a145957",
            "tags": {
              "Name": "Ecs-vpc-us-east-1a"
            },
            "tags_all": {
              "Name": "Ecs-vpc-us-east-1a"
            },
            "timeouts": null
          },
          "sensitive_attributes": [],
          "identity_schema_version": 0,
          "private": "eyJlMmJmYjczMC1lY2FhLTExZTYtOGY4OC0zNDM2M2JjN2M0YzAiOnsiY3JlYXRlIjo2MDAwMDAwMDAwMDAsImRlbGV0ZSI6MTgwMDAwMDAwMDAwMCwidXBkYXRlIjo2MDAwMDAwMDAwMDB9fQ==",
          "dependencies": [
            "module.vpc.aws_eip.nat",
            "module.vpc.aws_internet_gateway.this",
            "module.vpc.aws_subnet.public",
            "module.vpc.aws_vpc.this",
            "module.vpc.aws_vpc_ipv4_cidr_block_association.this"
          ]
        },
        {
          "index_key": 1,
          "schema_version": 0,
          "attributes": {
            "allocation_id": "eipalloc-0e4fe9284e425f364",
            "association_id": "eipassoc-0a27dfa0ebe91d9f8",
            "connectivity_type": "public",
            "id": "nat-0efcce5b4784bde99",
            "network_interface_id": "eni-0d9da5fd29dfbc836",
            "private_ip": "10.0.102.228",
            "public_ip": "52.202.98.228",
            "secondary_allocation_ids": null,
            "secondary_private_ip_address_count": 0,
            "secondary_private_ip_addresses": [],
            "subnet_id": "subnet-077ecb80d4efb48ba",
            "tags": {
              "Name": "Ecs-vpc-us-east-1b"
            },
            "tags_all": {
              "Name": "Ecs-vpc-us-east-1b"
            },
            "timeouts": null
          },
          "sensitive_attributes": [],
          "identity_schema_version": 0,
          "private": "eyJlMmJmYjczMC1lY2FhLTExZTYtOGY4OC0zNDM2M2JjN2M0YzAiOnsiY3JlYXRlIjo2MDAwMDAwMDAwMDAsImRlbGV0ZSI6MTgwMDAwMDAwMDAwMCwidXBkYXRlIjo2MDAwMDAwMDAwMDB9fQ==",
          "dependencies": [
            "module.vpc.aws_eip.nat",
            "module.vpc.aws_internet_gateway.this",
            "module.vpc.aws_subnet.public",
            "module.vpc.aws_vpc.this",
            "module.vpc.aws_vpc_ipv4_cidr_block_association.this"
          ]
        },
        {
          "index_key": 2,
          "schema_version": 0,
          "attributes": {
            "allocation_id": "eipalloc-00a84e5b6b69144f9",
            "association_id": "eipassoc-0172e48d807f699f9",
            "connectivity_type": "public",
            "id": "nat-0a89ff59e3a79b028",
            "network_interface_id": "eni-09499359ef40013f1",
            "private_ip": "10.0.103.33",
            "public_ip": "34.207.24.195",
            "secondary_allocation_ids": null,
            "secondary_private_ip_address_count": 0,
            "secondary_private_ip_addresses": [],
            "subnet_id": "subnet-0bf52c3aa144384b3",
            "tags": {
              "Name": "Ecs-vpc-us-east-1c"
            },
            "tags_all": {
              "Name": "Ecs-vpc-us-east-1c"
            },
            "timeouts": null
          },
          "sensitive_attributes": [],
          "identity_schema_version": 0,
          "private": "eyJlMmJmYjczMC1lY2FhLTExZTYtOGY4OC0zNDM2M2JjN2M0YzAiOnsiY3JlYXRlIjo2MDAwMDAwMDAwMDAsImRlbGV0ZSI6MTgwMDAwMDAwMDAwMCwidXBkYXRlIjo2MDAwMDAwMDAwMDB9fQ==",
          "dependencies": [
            "module.vpc.aws_eip.nat",
            "module.vpc.aws_internet_gateway.this",
            "module.vpc.aws_subnet.public",
            "module.vpc.aws_vpc.this",
            "module.vpc.aws_vpc_ipv4_cidr_block_association.this"
          ]
        }
      ]
    },
    {
      "module": "module.vpc",
      "mode": "managed",
      "type": "aws_route",
      "name": "private_nat_gateway",
      "provider": "provider[\"registry.terraform.io/hashicorp/aws\"]",
      "instances": [
        {
          "index_key": 0,
          "schema_version": 0,
          "attributes": {
            "carrier_gateway_id": "",
            "core_network_arn": "",
            "destination_cidr_block": "0.0.0.0/0",
            "destination_ipv6_cidr_block": "",
            "destination_prefix_list_id": "",
            "egress_only_gateway_id": "",
            "gateway_id": "",
            "id": "r-rtb-07eb7231ac37a19cd1080289494",
            "instance_id": "",
            "instance_owner_id": "",
            "local_gateway_id": "",
            "nat_gateway_id": "nat-0931cbf46482b8921",
            "network_interface_id": "",
            "origin": "CreateRoute",
            "route_table_id": "rtb-07eb7231ac37a19cd",
            "state": "active",
            "timeouts": {
              "create": "5m",
              "delete": null,
              "update": null
            },
            "transit_gateway_id": "",
            "vpc_endpoint_id": "",
            "vpc_peering_connection_id": ""
          },
          "sensitive_attributes": [],
          "identity_schema_version": 0,
          "private": "eyJlMmJmYjczMC1lY2FhLTExZTYtOGY4OC0zNDM2M2JjN2M0YzAiOnsiY3JlYXRlIjozMDAwMDAwMDAwMDAsImRlbGV0ZSI6MzAwMDAwMDAwMDAwLCJ1cGRhdGUiOjEyMDAwMDAwMDAwMH19",
          "dependencies": [
            "module.vpc.aws_eip.nat",
            "module.vpc.aws_internet_gateway.this",
            "module.vpc.aws_nat_gateway.this",
            "module.vpc.aws_route_table.private",
            "module.vpc.aws_subnet.public",
            "module.vpc.aws_vpc.this",
            "module.vpc.aws_vpc_ipv4_cidr_block_association.this"
          ]
        },
        {
          "index_key": 1,
          "schema_version": 0,
          "attributes": {
            "carrier_gateway_id": "",
            "core_network_arn": "",
            "destination_cidr_block": "0.0.0.0/0",
            "destination_ipv6_cidr_block": "",
            "destination_prefix_list_id": "",
            "egress_only_gateway_id": "",
            "gateway_id": "",
            "id": "r-rtb-023e5420c65775ba01080289494",
            "instance_id": "",
            "instance_owner_id": "",
            "local_gateway_id": "",
            "nat_gateway_id": "nat-0efcce5b4784bde99",
            "network_interface_id": "",
            "origin": "CreateRoute",
            "route_table_id": "rtb-023e5420c65775ba0",
            "state": "active",
            "timeouts": {
              "create": "5m",
              "delete": null,
              "update": null
            },
            "transit_gateway_id": "",
            "vpc_endpoint_id": "",
            "vpc_peering_connection_id": ""
          },
          "sensitive_attributes": [],
          "identity_schema_version": 0,
          "private": "eyJlMmJmYjczMC1lY2FhLTExZTYtOGY4OC0zNDM2M2JjN2M0YzAiOnsiY3JlYXRlIjozMDAwMDAwMDAwMDAsImRlbGV0ZSI6MzAwMDAwMDAwMDAwLCJ1cGRhdGUiOjEyMDAwMDAwMDAwMH19",
          "dependencies": [
            "module.vpc.aws_eip.nat",
            "module.vpc.aws_internet_gateway.this",
            "module.vpc.aws_nat_gateway.this",
            "module.vpc.aws_route_table.private",
            "module.vpc.aws_subnet.public",
            "module.vpc.aws_vpc.this",
            "module.vpc.aws_vpc_ipv4_cidr_block_association.this"
          ]
        },
        {
          "index_key": 2,
          "schema_version": 0,
          "attributes": {
            "carrier_gateway_id": "",
            "core_network_arn": "",
            "destination_cidr_block": "0.0.0.0/0",
            "destination_ipv6_cidr_block": "",
            "destination_prefix_list_id": "",
            "egress_only_gateway_id": "",
            "gateway_id": "",
            "id": "r-rtb-03a6e1046d89723791080289494",
            "instance_id": "",
            "instance_owner_id": "",
            "local_gateway_id": "",
            "nat_gateway_id": "nat-0a89ff59e3a79b028",
            "network_interface_id": "",
            "origin": "CreateRoute",
            "route_table_id": "rtb-03a6e1046d8972379",
            "state": "active",
            "timeouts": {
              "create": "5m",
              "delete": null,
              "update": null
            },
            "transit_gateway_id": "",
            "vpc_endpoint_id": "",
            "vpc_peering_connection_id": ""
          },
          "sensitive_attributes": [],
          "identity_schema_version": 0,
          "private": "eyJlMmJmYjczMC1lY2FhLTExZTYtOGY4OC0zNDM2M2JjN2M0YzAiOnsiY3JlYXRlIjozMDAwMDAwMDAwMDAsImRlbGV0ZSI6MzAwMDAwMDAwMDAwLCJ1cGRhdGUiOjEyMDAwMDAwMDAwMH19",
          "dependencies": [
            "module.vpc.aws_eip.nat",
            "module.vpc.aws_internet_gateway.this",
            "module.vpc.aws_nat_gateway.this",
            "module.vpc.aws_route_table.private",
            "module.vpc.aws_subnet.public",
            "module.vpc.aws_vpc.this",
            "module.vpc.aws_vpc_ipv4_cidr_block_association.this"
          ]
        }
      ]
    },
    {
      "module": "module.vpc",
      "mode": "managed",
      "type": "aws_route",
      "name": "public_internet_gateway",
      "provider": "provider[\"registry.terraform.io/hashicorp/aws\"]",
      "instances": [
        {
          "index_key": 0,
          "schema_version": 0,
          "attributes": {
            "carrier_gateway_id": "",
            "core_network_arn": "",
            "destination_cidr_block": "0.0.0.0/0",
            "destination_ipv6_cidr_block": "",
            "destination_prefix_list_id": "",
            "egress_only_gateway_id": "",
            "gateway_id": "igw-0f55eabc134d2d213",
            "id": "r-rtb-05e21809afef085921080289494",
            "instance_id": "",
            "instance_owner_id": "",
            "local_gateway_id": "",
            "nat_gateway_id": "",
            "network_interface_id": "",
            "origin": "CreateRoute",
            "route_table_id": "rtb-05e21809afef08592",
            "state": "active",
            "timeouts": {
              "create": "5m",
              "delete": null,
              "update": null
            },
            "transit_gateway_id": "",
            "vpc_endpoint_id": "",
            "vpc_peering_connection_id": ""
          },
          "sensitive_attributes": [],
          "identity_schema_version": 0,
          "private": "eyJlMmJmYjczMC1lY2FhLTExZTYtOGY4OC0zNDM2M2JjN2M0YzAiOnsiY3JlYXRlIjozMDAwMDAwMDAwMDAsImRlbGV0ZSI6MzAwMDAwMDAwMDAwLCJ1cGRhdGUiOjEyMDAwMDAwMDAwMH19",
          "dependencies": [
            "module.vpc.aws_internet_gateway.this",
            "module.vpc.aws_route_table.public",
            "module.vpc.aws_vpc.this",
            "module.vpc.aws_vpc_ipv4_cidr_block_association.this"
          ]
        }
      ]
    },
    {
      "module": "module.vpc",
      "mode": "managed",
      "type": "aws_route_table",
      "name": "private",
      "provider": "provider[\"registry.terraform.io/hashicorp/aws\"]",
      "instances": [
        {
          "index_key": 0,
          "schema_version": 0,
          "attributes": {
            "arn": "arn:aws:ec2:us-east-1:942715456738:route-table/rtb-07eb7231ac37a19cd",
            "id": "rtb-07eb7231ac37a19cd",
            "owner_id": "942715456738",
            "propagating_vgws": [],
            "route": [],
            "tags": {
              "Name": "Ecs-vpc-private-us-east-1a"
            },
            "tags_all": {
              "Name": "Ecs-vpc-private-us-east-1a"
            },
            "timeouts": null,
            "vpc_id": "vpc-0046ba83d0e0c5b74"
          },
          "sensitive_attributes": [],
          "identity_schema_version": 0,
          "private": "eyJlMmJmYjczMC1lY2FhLTExZTYtOGY4OC0zNDM2M2JjN2M0YzAiOnsiY3JlYXRlIjozMDAwMDAwMDAwMDAsImRlbGV0ZSI6MzAwMDAwMDAwMDAwLCJ1cGRhdGUiOjEyMDAwMDAwMDAwMH19",
          "dependencies": [
            "module.vpc.aws_vpc.this",
            "module.vpc.aws_vpc_ipv4_cidr_block_association.this"
          ]
        },
        {
          "index_key": 1,
          "schema_version": 0,
          "attributes": {
            "arn": "arn:aws:ec2:us-east-1:942715456738:route-table/rtb-023e5420c65775ba0",
            "id": "rtb-023e5420c65775ba0",
            "owner_id": "942715456738",
            "propagating_vgws": [],
            "route": [],
            "tags": {
              "Name": "Ecs-vpc-private-us-east-1b"
            },
            "tags_all": {
              "Name": "Ecs-vpc-private-us-east-1b"
            },
            "timeouts": null,
            "vpc_id": "vpc-0046ba83d0e0c5b74"
          },
          "sensitive_attributes": [],
          "identity_schema_version": 0,
          "private": "eyJlMmJmYjczMC1lY2FhLTExZTYtOGY4OC0zNDM2M2JjN2M0YzAiOnsiY3JlYXRlIjozMDAwMDAwMDAwMDAsImRlbGV0ZSI6MzAwMDAwMDAwMDAwLCJ1cGRhdGUiOjEyMDAwMDAwMDAwMH19",
          "dependencies": [
            "module.vpc.aws_vpc.this",
            "module.vpc.aws_vpc_ipv4_cidr_block_association.this"
          ]
        },
        {
          "index_key": 2,
          "schema_version": 0,
          "attributes": {
            "arn": "arn:aws:ec2:us-east-1:942715456738:route-table/rtb-03a6e1046d8972379",
            "id": "rtb-03a6e1046d8972379",
            "owner_id": "942715456738",
            "propagating_vgws": [],
            "route": [],
            "tags": {
              "Name": "Ecs-vpc-private-us-east-1c"
            },
            "tags_all": {
              "Name": "Ecs-vpc-private-us-east-1c"
            },
            "timeouts": null,
            "vpc_id": "vpc-0046ba83d0e0c5b74"
          },
          "sensitive_attributes": [],
          "identity_schema_version": 0,
          "private": "eyJlMmJmYjczMC1lY2FhLTExZTYtOGY4OC0zNDM2M2JjN2M0YzAiOnsiY3JlYXRlIjozMDAwMDAwMDAwMDAsImRlbGV0ZSI6MzAwMDAwMDAwMDAwLCJ1cGRhdGUiOjEyMDAwMDAwMDAwMH19",
          "dependencies": [
            "module.vpc.aws_vpc.this",
            "module.vpc.aws_vpc_ipv4_cidr_block_association.this"
          ]
        }
      ]
    },
    {
      "module": "module.vpc",
      "mode": "managed",
      "type": "aws_route_table",
      "name": "public",
      "provider": "provider[\"registry.terraform.io/hashicorp/aws\"]",
      "instances": [
        {
          "index_key": 0,
          "schema_version": 0,
          "attributes": {
            "arn": "arn:aws:ec2:us-east-1:942715456738:route-table/rtb-05e21809afef08592",
            "id": "rtb-05e21809afef08592",
            "owner_id": "942715456738",
            "propagating_vgws": [],
            "route": [],
            "tags": {
              "Name": "Ecs-vpc-public"
            },
            "tags_all": {
              "Name": "Ecs-vpc-public"
            },
            "timeouts": null,
            "vpc_id": "vpc-0046ba83d0e0c5b74"
          },
          "sensitive_attributes": [],
          "identity_schema_version": 0,
          "private": "eyJlMmJmYjczMC1lY2FhLTExZTYtOGY4OC0zNDM2M2JjN2M0YzAiOnsiY3JlYXRlIjozMDAwMDAwMDAwMDAsImRlbGV0ZSI6MzAwMDAwMDAwMDAwLCJ1cGRhdGUiOjEyMDAwMDAwMDAwMH19",
          "dependencies": [
            "module.vpc.aws_vpc.this",
            "module.vpc.aws_vpc_ipv4_cidr_block_association.this"
          ]
        }
      ]
    },
    {
      "module": "module.vpc",
      "mode": "managed",
      "type": "aws_route_table_association",
      "name": "private",
      "provider": "provider[\"registry.terraform.io/hashicorp/aws\"]",
      "instances": [
        {
          "index_key": 0,
          "schema_version": 0,
          "attributes": {
            "gateway_id": "",
            "id": "rtbassoc-0db582b502f6eb92e",
            "route_table_id": "rtb-07eb7231ac37a19cd",
            "subnet_id": "subnet-0cf362471e22a4dcc",
            "timeouts": null
          },
          "sensitive_attributes": [],
          "identity_schema_version": 0,
          "private": "eyJlMmJmYjczMC1lY2FhLTExZTYtOGY4OC0zNDM2M2JjN2M0YzAiOnsiY3JlYXRlIjozMDAwMDAwMDAwMDAsImRlbGV0ZSI6MzAwMDAwMDAwMDAwLCJ1cGRhdGUiOjEyMDAwMDAwMDAwMH19",
          "dependencies": [
            "module.vpc.aws_route_table.private",
            "module.vpc.aws_subnet.private",
            "module.vpc.aws_vpc.this",
            "module.vpc.aws_vpc_ipv4_cidr_block_association.this"
          ]
        },
        {
          "index_key": 1,
          "schema_version": 0,
          "attributes": {
            "gateway_id": "",
            "id": "rtbassoc-029d9f037c99e37b8",
            "route_table_id": "rtb-023e5420c65775ba0",
            "subnet_id": "subnet-0eb8e315d4140c2fb",
            "timeouts": null
          },
          "sensitive_attributes": [],
          "identity_schema_version": 0,
          "private": "eyJlMmJmYjczMC1lY2FhLTExZTYtOGY4OC0zNDM2M2JjN2M0YzAiOnsiY3JlYXRlIjozMDAwMDAwMDAwMDAsImRlbGV0ZSI6MzAwMDAwMDAwMDAwLCJ1cGRhdGUiOjEyMDAwMDAwMDAwMH19",
          "dependencies": [
            "module.vpc.aws_route_table.private",
            "module.vpc.aws_subnet.private",
            "module.vpc.aws_vpc.this",
            "module.vpc.aws_vpc_ipv4_cidr_block_association.this"
          ]
        },
        {
          "index_key": 2,
          "schema_version": 0,
          "attributes": {
            "gateway_id": "",
            "id": "rtbassoc-01c1bd3e896cfbd74",
            "route_table_id": "rtb-03a6e1046d8972379",
            "subnet_id": "subnet-04e58b834ad13aa35",
            "timeouts": null
          },
          "sensitive_attributes": [],
          "identity_schema_version": 0,
          "private": "eyJlMmJmYjczMC1lY2FhLTExZTYtOGY4OC0zNDM2M2JjN2M0YzAiOnsiY3JlYXRlIjozMDAwMDAwMDAwMDAsImRlbGV0ZSI6MzAwMDAwMDAwMDAwLCJ1cGRhdGUiOjEyMDAwMDAwMDAwMH19",
          "dependencies": [
            "module.vpc.aws_route_table.private",
            "module.vpc.aws_subnet.private",
            "module.vpc.aws_vpc.this",
            "module.vpc.aws_vpc_ipv4_cidr_block_association.this"
          ]
        }
      ]
    },
    {
      "module": "module.vpc",
      "mode": "managed",
      "type": "aws_route_table_association",
      "name": "public",
      "provider": "provider[\"registry.terraform.io/hashicorp/aws\"]",
      "instances": [
        {
          "index_key": 0,
          "schema_version": 0,
          "attributes": {
            "gateway_id": "",
            "id": "rtbassoc-0ecc4021eeacd4099",
            "route_table_id": "rtb-05e21809afef08592",
            "subnet_id": "subnet-086854afc1a145957",
            "timeouts": null
          },
          "sensitive_attributes": [],
          "identity_schema_version": 0,
          "private": "eyJlMmJmYjczMC1lY2FhLTExZTYtOGY4OC0zNDM2M2JjN2M0YzAiOnsiY3JlYXRlIjozMDAwMDAwMDAwMDAsImRlbGV0ZSI6MzAwMDAwMDAwMDAwLCJ1cGRhdGUiOjEyMDAwMDAwMDAwMH19",
          "dependencies": [
            "module.vpc.aws_route_table.public",
            "module.vpc.aws_subnet.public",
            "module.vpc.aws_vpc.this",
            "module.vpc.aws_vpc_ipv4_cidr_block_association.this"
          ]
        },
        {
          "index_key": 1,
          "schema_version": 0,
          "attributes": {
            "gateway_id": "",
            "id": "rtbassoc-05cd894fb64ee558f",
            "route_table_id": "rtb-05e21809afef08592",
            "subnet_id": "subnet-077ecb80d4efb48ba",
            "timeouts": null
          },
          "sensitive_attributes": [],
          "identity_schema_version": 0,
          "private": "eyJlMmJmYjczMC1lY2FhLTExZTYtOGY4OC0zNDM2M2JjN2M0YzAiOnsiY3JlYXRlIjozMDAwMDAwMDAwMDAsImRlbGV0ZSI6MzAwMDAwMDAwMDAwLCJ1cGRhdGUiOjEyMDAwMDAwMDAwMH19",
          "dependencies": [
            "module.vpc.aws_route_table.public",
            "module.vpc.aws_subnet.public",
            "module.vpc.aws_vpc.this",
            "module.vpc.aws_vpc_ipv4_cidr_block_association.this"
          ]
        },
        {
          "index_key": 2,
          "schema_version": 0,
          "attributes": {
            "gateway_id": "",
            "id": "rtbassoc-0726e506fd1e988fb",
            "route_table_id": "rtb-05e21809afef08592",
            "subnet_id": "subnet-0bf52c3aa144384b3",
            "timeouts": null
          },
          "sensitive_attributes": [],
          "identity_schema_version": 0,
          "private": "eyJlMmJmYjczMC1lY2FhLTExZTYtOGY4OC0zNDM2M2JjN2M0YzAiOnsiY3JlYXRlIjozMDAwMDAwMDAwMDAsImRlbGV0ZSI6MzAwMDAwMDAwMDAwLCJ1cGRhdGUiOjEyMDAwMDAwMDAwMH19",
          "dependencies": [
            "module.vpc.aws_route_table.public",
            "module.vpc.aws_subnet.public",
            "module.vpc.aws_vpc.this",
            "module.vpc.aws_vpc_ipv4_cidr_block_association.this"
          ]
        }
      ]
    },
    {
      "module": "module.vpc",
      "mode": "managed",
      "type": "aws_subnet",
      "name": "private",
      "provider": "provider[\"registry.terraform.io/hashicorp/aws\"]",
      "instances": [
        {
          "index_key": 0,
          "schema_version": 1,
          "attributes": {
            "arn": "arn:aws:ec2:us-east-1:942715456738:subnet/subnet-0cf362471e22a4dcc",
            "assign_ipv6_address_on_creation": false,
            "availability_zone": "us-east-1a",
            "availability_zone_id": "use1-az1",
            "cidr_block": "10.0.1.0/24",
            "customer_owned_ipv4_pool": "",
            "enable_dns64": false,
            "enable_lni_at_device_index": 0,
            "enable_resource_name_dns_a_record_on_launch": false,
            "enable_resource_name_dns_aaaa_record_on_launch": false,
            "id": "subnet-0cf362471e22a4dcc",
            "ipv6_cidr_block": "",
            "ipv6_cidr_block_association_id": "",
            "ipv6_native": false,
            "map_customer_owned_ip_on_launch": false,
            "map_public_ip_on_launch": false,
            "outpost_arn": "",
            "owner_id": "942715456738",
            "private_dns_hostname_type_on_launch": "ip-name",
            "tags": {
              "Name": "Ecs-vpc-private-us-east-1a"
            },
            "tags_all": {
              "Name": "Ecs-vpc-private-us-east-1a"
            },
            "timeouts": null,
            "vpc_id": "vpc-0046ba83d0e0c5b74"
          },
          "sensitive_attributes": [],
          "identity_schema_version": 0,
          "private": "eyJlMmJmYjczMC1lY2FhLTExZTYtOGY4OC0zNDM2M2JjN2M0YzAiOnsiY3JlYXRlIjo2MDAwMDAwMDAwMDAsImRlbGV0ZSI6MTIwMDAwMDAwMDAwMH0sInNjaGVtYV92ZXJzaW9uIjoiMSJ9",
          "dependencies": [
            "module.vpc.aws_vpc.this",
            "module.vpc.aws_vpc_ipv4_cidr_block_association.this"
          ],
          "create_before_destroy": true
        },
        {
          "index_key": 1,
          "schema_version": 1,
          "attributes": {
            "arn": "arn:aws:ec2:us-east-1:942715456738:subnet/subnet-0eb8e315d4140c2fb",
            "assign_ipv6_address_on_creation": false,
            "availability_zone": "us-east-1b",
            "availability_zone_id": "use1-az2",
            "cidr_block": "10.0.2.0/24",
            "customer_owned_ipv4_pool": "",
            "enable_dns64": false,
            "enable_lni_at_device_index": 0,
            "enable_resource_name_dns_a_record_on_launch": false,
            "enable_resource_name_dns_aaaa_record_on_launch": false,
            "id": "subnet-0eb8e315d4140c2fb",
            "ipv6_cidr_block": "",
            "ipv6_cidr_block_association_id": "",
            "ipv6_native": false,
            "map_customer_owned_ip_on_launch": false,
            "map_public_ip_on_launch": false,
            "outpost_arn": "",
            "owner_id": "942715456738",
            "private_dns_hostname_type_on_launch": "ip-name",
            "tags": {
              "Name": "Ecs-vpc-private-us-east-1b"
            },
            "tags_all": {
              "Name": "Ecs-vpc-private-us-east-1b"
            },
            "timeouts": null,
            "vpc_id": "vpc-0046ba83d0e0c5b74"
          },
          "sensitive_attributes": [],
          "identity_schema_version": 0,
          "private": "eyJlMmJmYjczMC1lY2FhLTExZTYtOGY4OC0zNDM2M2JjN2M0YzAiOnsiY3JlYXRlIjo2MDAwMDAwMDAwMDAsImRlbGV0ZSI6MTIwMDAwMDAwMDAwMH0sInNjaGVtYV92ZXJzaW9uIjoiMSJ9",
          "dependencies": [
            "module.vpc.aws_vpc.this",
            "module.vpc.aws_vpc_ipv4_cidr_block_association.this"
          ],
          "create_before_destroy": true
        },
        {
          "index_key": 2,
          "schema_version": 1,
          "attributes": {
            "arn": "arn:aws:ec2:us-east-1:942715456738:subnet/subnet-04e58b834ad13aa35",
            "assign_ipv6_address_on_creation": false,
            "availability_zone": "us-east-1c",
            "availability_zone_id": "use1-az4",
            "cidr_block": "10.0.3.0/24",
            "customer_owned_ipv4_pool": "",
            "enable_dns64": false,
            "enable_lni_at_device_index": 0,
            "enable_resource_name_dns_a_record_on_launch": false,
            "enable_resource_name_dns_aaaa_record_on_launch": false,
            "id": "subnet-04e58b834ad13aa35",
            "ipv6_cidr_block": "",
            "ipv6_cidr_block_association_id": "",
            "ipv6_native": false,
            "map_customer_owned_ip_on_launch": false,
            "map_public_ip_on_launch": false,
            "outpost_arn": "",
            "owner_id": "942715456738",
            "private_dns_hostname_type_on_launch": "ip-name",
            "tags": {
              "Name": "Ecs-vpc-private-us-east-1c"
            },
            "tags_all": {
              "Name": "Ecs-vpc-private-us-east-1c"
            },
            "timeouts": null,
            "vpc_id": "vpc-0046ba83d0e0c5b74"
          },
          "sensitive_attributes": [],
          "identity_schema_version": 0,
          "private": "eyJlMmJmYjczMC1lY2FhLTExZTYtOGY4OC0zNDM2M2JjN2M0YzAiOnsiY3JlYXRlIjo2MDAwMDAwMDAwMDAsImRlbGV0ZSI6MTIwMDAwMDAwMDAwMH0sInNjaGVtYV92ZXJzaW9uIjoiMSJ9",
          "dependencies": [
            "module.vpc.aws_vpc.this",
            "module.vpc.aws_vpc_ipv4_cidr_block_association.this"
          ],
          "create_before_destroy": true
        }
      ]
    },
    {
      "module": "module.vpc",
      "mode": "managed",
      "type": "aws_subnet",
      "name": "public",
      "provider": "provider[\"registry.terraform.io/hashicorp/aws\"]",
      "instances": [
        {
          "index_key": 0,
          "schema_version": 1,
          "attributes": {
            "arn": "arn:aws:ec2:us-east-1:942715456738:subnet/subnet-086854afc1a145957",
            "assign_ipv6_address_on_creation": false,
            "availability_zone": "us-east-1a",
            "availability_zone_id": "use1-az1",
            "cidr_block": "10.0.101.0/24",
            "customer_owned_ipv4_pool": "",
            "enable_dns64": false,
            "enable_lni_at_device_index": 0,
            "enable_resource_name_dns_a_record_on_launch": false,
            "enable_resource_name_dns_aaaa_record_on_launch": false,
            "id": "subnet-086854afc1a145957",
            "ipv6_cidr_block": "",
            "ipv6_cidr_block_association_id": "",
            "ipv6_native": false,
            "map_customer_owned_ip_on_launch": false,
            "map_public_ip_on_launch": false,
            "outpost_arn": "",
            "owner_id": "942715456738",
            "private_dns_hostname_type_on_launch": "ip-name",
            "tags": {
              "Name": "Ecs-vpc-public-us-east-1a"
            },
            "tags_all": {
              "Name": "Ecs-vpc-public-us-east-1a"
            },
            "timeouts": null,
            "vpc_id": "vpc-0046ba83d0e0c5b74"
          },
          "sensitive_attributes": [],
          "identity_schema_version": 0,
          "private": "eyJlMmJmYjczMC1lY2FhLTExZTYtOGY4OC0zNDM2M2JjN2M0YzAiOnsiY3JlYXRlIjo2MDAwMDAwMDAwMDAsImRlbGV0ZSI6MTIwMDAwMDAwMDAwMH0sInNjaGVtYV92ZXJzaW9uIjoiMSJ9",
          "dependencies": [
            "module.vpc.aws_vpc.this",
            "module.vpc.aws_vpc_ipv4_cidr_block_association.this"
          ]
        },
        {
          "index_key": 1,
          "schema_version": 1,
          "attributes": {
            "arn": "arn:aws:ec2:us-east-1:942715456738:subnet/subnet-077ecb80d4efb48ba",
            "assign_ipv6_address_on_creation": false,
            "availability_zone": "us-east-1b",
            "availability_zone_id": "use1-az2",
            "cidr_block": "10.0.102.0/24",
            "customer_owned_ipv4_pool": "",
            "enable_dns64": false,
            "enable_lni_at_device_index": 0,
            "enable_resource_name_dns_a_record_on_launch": false,
            "enable_resource_name_dns_aaaa_record_on_launch": false,
            "id": "subnet-077ecb80d4efb48ba",
            "ipv6_cidr_block": "",
            "ipv6_cidr_block_association_id": "",
            "ipv6_native": false,
            "map_customer_owned_ip_on_launch": false,
            "map_public_ip_on_launch": false,
            "outpost_arn": "",
            "owner_id": "942715456738",
            "private_dns_hostname_type_on_launch": "ip-name",
            "tags": {
              "Name": "Ecs-vpc-public-us-east-1b"
            },
            "tags_all": {
              "Name": "Ecs-vpc-public-us-east-1b"
            },
            "timeouts": null,
            "vpc_id": "vpc-0046ba83d0e0c5b74"
          },
          "sensitive_attributes": [],
          "identity_schema_version": 0,
          "private": "eyJlMmJmYjczMC1lY2FhLTExZTYtOGY4OC0zNDM2M2JjN2M0YzAiOnsiY3JlYXRlIjo2MDAwMDAwMDAwMDAsImRlbGV0ZSI6MTIwMDAwMDAwMDAwMH0sInNjaGVtYV92ZXJzaW9uIjoiMSJ9",
          "dependencies": [
            "module.vpc.aws_vpc.this",
            "module.vpc.aws_vpc_ipv4_cidr_block_association.this"
          ]
        },
        {
          "index_key": 2,
          "schema_version": 1,
          "attributes": {
            "arn": "arn:aws:ec2:us-east-1:942715456738:subnet/subnet-0bf52c3aa144384b3",
            "assign_ipv6_address_on_creation": false,
            "availability_zone": "us-east-1c",
            "availability_zone_id": "use1-az4",
            "cidr_block": "10.0.103.0/24",
            "customer_owned_ipv4_pool": "",
            "enable_dns64": false,
            "enable_lni_at_device_index": 0,
            "enable_resource_name_dns_a_record_on_launch": false,
            "enable_resource_name_dns_aaaa_record_on_launch": false,
            "id": "subnet-0bf52c3aa144384b3",
            "ipv6_cidr_block": "",
            "ipv6_cidr_block_association_id": "",
            "ipv6_native": false,
            "map_customer_owned_ip_on_launch": false,
            "map_public_ip_on_launch": false,
            "outpost_arn": "",
            "owner_id": "942715456738",
            "private_dns_hostname_type_on_launch": "ip-name",
            "tags": {
              "Name": "Ecs-vpc-public-us-east-1c"
            },
            "tags_all": {
              "Name": "Ecs-vpc-public-us-east-1c"
            },
            "timeouts": null,
            "vpc_id": "vpc-0046ba83d0e0c5b74"
          },
          "sensitive_attributes": [],
          "identity_schema_version": 0,
          "private": "eyJlMmJmYjczMC1lY2FhLTExZTYtOGY4OC0zNDM2M2JjN2M0YzAiOnsiY3JlYXRlIjo2MDAwMDAwMDAwMDAsImRlbGV0ZSI6MTIwMDAwMDAwMDAwMH0sInNjaGVtYV92ZXJzaW9uIjoiMSJ9",
          "dependencies": [
            "module.vpc.aws_vpc.this",
            "module.vpc.aws_vpc_ipv4_cidr_block_association.this"
          ]
        }
      ]
    },
    {
      "module": "module.vpc",
      "mode": "managed",
      "type": "aws_vpc",
      "name": "this",
      "provider": "provider[\"registry.terraform.io/hashicorp/aws\"]",
      "instances": [
        {
          "index_key": 0,
          "schema_version": 1,
          "attributes": {
            "arn": "arn:aws:ec2:us-east-1:942715456738:vpc/vpc-0046ba83d0e0c5b74",
            "assign_generated_ipv6_cidr_block": false,
            "cidr_block": "10.0.0.0/16",
            "default_network_acl_id": "acl-05be8aa6cce4a5bd6",
            "default_route_table_id": "rtb-07937c250767b3471",
            "default_security_group_id": "sg-0315d2cc02422dd6e",
            "dhcp_options_id": "dopt-0f5eeb7eafb7ccbff",
            "enable_dns_hostnames": true,
            "enable_dns_support": true,
            "enable_network_address_usage_metrics": false,
            "id": "vpc-0046ba83d0e0c5b74",
            "instance_tenancy": "default",
            "ipv4_ipam_pool_id": null,
            "ipv4_netmask_length": null,
            "ipv6_association_id": "",
            "ipv6_cidr_block": "",
            "ipv6_cidr_block_network_border_group": "",
            "ipv6_ipam_pool_id": "",
            "ipv6_netmask_length": 0,
            "main_route_table_id": "rtb-07937c250767b3471",
            "owner_id": "942715456738",
            "tags": {
              "Name": "Ecs-vpc"
            },
            "tags_all": {
              "Name": "Ecs-vpc"
            }
          },
          "sensitive_attributes": [],
          "identity_schema_version": 0,
          "private": "eyJzY2hlbWFfdmVyc2lvbiI6IjEifQ==",
          "create_before_destroy": true
        }
      ]
    },
    {
      "module": "module.vpc",
      "mode": "managed",
      "type": "aws_vpn_gateway",
      "name": "this",
      "provider": "provider[\"registry.terraform.io/hashicorp/aws\"]",
      "instances": [
        {
          "index_key": 0,
          "schema_version": 0,
          "attributes": {
            "amazon_side_asn": "64512",
            "arn": "arn:aws:ec2:us-east-1:942715456738:vpn-gateway/vgw-022bf058deb8107d5",
            "availability_zone": null,
            "id": "vgw-022bf058deb8107d5",
            "tags": {
              "Name": "Ecs-vpc"
            },
            "tags_all": {
              "Name": "Ecs-vpc"
            },
            "vpc_id": "vpc-0046ba83d0e0c5b74"
          },
          "sensitive_attributes": [],
          "identity_schema_version": 0,
          "private": "bnVsbA==",
          "dependencies": [
            "module.vpc.aws_vpc.this",
            "module.vpc.aws_vpc_ipv4_cidr_block_association.this"
          ]
        }
      ]
    }
  ],
  "check_results": [
    {
      "object_kind": "resource",
      "config_addr": "module.eks.module.eks_managed_node_group.module.user_data.null_resource.validate_cluster_service_cidr",
      "status": "pass",
      "objects": [
        {
          "object_addr": "module.eks.module.eks_managed_node_group[\"eks_nodes\"].module.user_data.null_resource.validate_cluster_service_cidr",
          "status": "pass"
        }
      ]
    },
    {
      "object_kind": "var",
      "config_addr": "module.eks.module.self_managed_node_group.var.platform",
      "status": "pass",
      "objects": null
    },
    {
      "object_kind": "resource",
      "config_addr": "module.eks.module.self_managed_node_group.module.user_data.null_resource.validate_cluster_service_cidr",
      "status": "pass",
      "objects": null
    }
  ]
}
